
Microsoft Visual Studio Solution File, Format Version 12.00
# Visual Studio Version 16
VisualStudioVersion = 16.0.29911.84
MinimumVisualStudioVersion = 10.0.40219.1
Project("{8BC9CEB8-8B4A-11D0-8D11-00A0C91BC942}") = "BOJ9093", "BOJ\BOJ.vcxproj", "{7B84588B-35A5-4CE7-A2B5-5FC652312322}"
EndProject
Project("{8BC9CEB8-8B4A-11D0-8D11-00A0C91BC942}") = "BOJ1874", "BOJ1874\BOJ1874.vcxproj", "{6286A229-998B-4AB7-AA29-F0882014D481}"
EndProject
Project("{8BC9CEB8-8B4A-11D0-8D11-00A0C91BC942}") = "BOJ1406", "BOJ1406\BOJ1406.vcxproj", "{81AD7D27-9141-43C7-BBA3-766442088C0C}"
EndProject
Project("{8BC9CEB8-8B4A-11D0-8D11-00A0C91BC942}") = "BOJ10866", "BOJ10866\BOJ10866.vcxproj", "{DE9C1743-C264-470E-97CF-F7634454ADE5}"
EndProject
Project("{8BC9CEB8-8B4A-11D0-8D11-00A0C91BC942}") = "BOJ17413", "BOJ17413\BOJ17413.vcxproj", "{EFD6ABC4-E8A5-4D30-A706-02ACA2CC4C31}"
EndProject
Project("{8BC9CEB8-8B4A-11D0-8D11-00A0C91BC942}") = "BOJ17298", "BOJ17298\BOJ17298.vcxproj", "{45B3CBFB-81C6-47B1-8449-715ACD0B54D1}"
EndProject
Project("{8BC9CEB8-8B4A-11D0-8D11-00A0C91BC942}") = "BOJ17299", "BOJ17299\BOJ17299.vcxproj", "{B2DF3E33-BACE-4F3B-B523-4856BF545084}"
EndProject
Project("{8BC9CEB8-8B4A-11D0-8D11-00A0C91BC942}") = "BOJ1935", "BOJ1935\BOJ1935.vcxproj", "{4D9A0A67-F32B-439D-970C-E82873137B60}"
EndProject
Project("{8BC9CEB8-8B4A-11D0-8D11-00A0C91BC942}") = "BOJ1918", "BOJ1918\BOJ1918.vcxproj", "{BFD19644-0B5D-44F3-A85E-A671CF1C8164}"
EndProject
Project("{8BC9CEB8-8B4A-11D0-8D11-00A0C91BC942}") = "BOJ1929", "BOJ1929\BOJ1929.vcxproj", "{2C6612F4-6A00-4C01-9183-F40C842BF9E2}"
EndProject
Project("{8BC9CEB8-8B4A-11D0-8D11-00A0C91BC942}") = "BOJ6588", "BOJ6588\BOJ6588.vcxproj", "{4362DA22-FBEF-44EF-8074-F3DD9C56405F}"
EndProject
Project("{8BC9CEB8-8B4A-11D0-8D11-00A0C91BC942}") = "BOJ1676", "BOJ1676\BOJ1676.vcxproj", "{E7DE2665-1C15-4C26-BFA9-7ED3F0EF65DC}"
EndProject
Project("{8BC9CEB8-8B4A-11D0-8D11-00A0C91BC942}") = "BOJ2004", "BOJ2004\BOJ2004.vcxproj", "{6F6C8D06-046F-4D15-86EF-B35CAAD6968C}"
EndProject
Project("{8BC9CEB8-8B4A-11D0-8D11-00A0C91BC942}") = "BOJ17087", "BOJ17087\BOJ17087.vcxproj", "{9BC0A4CD-255B-4C0E-A2EA-0E02AAB78EE4}"
EndProject
Project("{8BC9CEB8-8B4A-11D0-8D11-00A0C91BC942}") = "BOJ1373", "BOJ1373\BOJ1373.vcxproj", "{443B1DD7-D7A2-48BD-B1E6-CFD81FA67832}"
EndProject
Project("{8BC9CEB8-8B4A-11D0-8D11-00A0C91BC942}") = "BOJ1212", "BOJ1212\BOJ1212.vcxproj", "{9DBD08E1-841E-4D68-9FE4-4DC653209AEA}"
EndProject
Project("{8BC9CEB8-8B4A-11D0-8D11-00A0C91BC942}") = "BOJ1463", "BOJ1463\BOJ1463.vcxproj", "{4F1268E6-0483-40E5-8FFC-1ED3030C4AF8}"
EndProject
Project("{8BC9CEB8-8B4A-11D0-8D11-00A0C91BC942}") = "BOJ11052", "BOJ11052\BOJ11052.vcxproj", "{A6B41986-308A-4B54-82F6-24C420051601}"
EndProject
Project("{8BC9CEB8-8B4A-11D0-8D11-00A0C91BC942}") = "BOJ1181", "BOJ1181\BOJ1181.vcxproj", "{6760A34B-E0AC-4218-9ED1-5D262ABAEE14}"
EndProject
Project("{8BC9CEB8-8B4A-11D0-8D11-00A0C91BC942}") = "BOJ1259", "BOJ1259\BOJ1259.vcxproj", "{6494E90F-CD49-4B03-884E-19FD0C095079}"
EndProject
Global
	GlobalSection(SolutionConfigurationPlatforms) = preSolution
		Debug|x64 = Debug|x64
		Debug|x86 = Debug|x86
		Release|x64 = Release|x64
		Release|x86 = Release|x86
	EndGlobalSection
	GlobalSection(ProjectConfigurationPlatforms) = postSolution
		{7B84588B-35A5-4CE7-A2B5-5FC652312322}.Debug|x64.ActiveCfg = Debug|x64
		{7B84588B-35A5-4CE7-A2B5-5FC652312322}.Debug|x64.Build.0 = Debug|x64
		{7B84588B-35A5-4CE7-A2B5-5FC652312322}.Debug|x86.ActiveCfg = Debug|Win32
		{7B84588B-35A5-4CE7-A2B5-5FC652312322}.Debug|x86.Build.0 = Debug|Win32
		{7B84588B-35A5-4CE7-A2B5-5FC652312322}.Release|x64.ActiveCfg = Release|x64
		{7B84588B-35A5-4CE7-A2B5-5FC652312322}.Release|x64.Build.0 = Release|x64
		{7B84588B-35A5-4CE7-A2B5-5FC652312322}.Release|x86.ActiveCfg = Release|Win32
		{7B84588B-35A5-4CE7-A2B5-5FC652312322}.Release|x86.Build.0 = Release|Win32
		{6286A229-998B-4AB7-AA29-F0882014D481}.Debug|x64.ActiveCfg = Debug|x64
		{6286A229-998B-4AB7-AA29-F0882014D481}.Debug|x64.Build.0 = Debug|x64
		{6286A229-998B-4AB7-AA29-F0882014D481}.Debug|x86.ActiveCfg = Debug|Win32
		{6286A229-998B-4AB7-AA29-F0882014D481}.Debug|x86.Build.0 = Debug|Win32
		{6286A229-998B-4AB7-AA29-F0882014D481}.Release|x64.ActiveCfg = Release|x64
		{6286A229-998B-4AB7-AA29-F0882014D481}.Release|x64.Build.0 = Release|x64
		{6286A229-998B-4AB7-AA29-F0882014D481}.Release|x86.ActiveCfg = Release|Win32
		{6286A229-998B-4AB7-AA29-F0882014D481}.Release|x86.Build.0 = Release|Win32
		{81AD7D27-9141-43C7-BBA3-766442088C0C}.Debug|x64.ActiveCfg = Debug|x64
		{81AD7D27-9141-43C7-BBA3-766442088C0C}.Debug|x64.Build.0 = Debug|x64
		{81AD7D27-9141-43C7-BBA3-766442088C0C}.Debug|x86.ActiveCfg = Debug|Win32
		{81AD7D27-9141-43C7-BBA3-766442088C0C}.Debug|x86.Build.0 = Debug|Win32
		{81AD7D27-9141-43C7-BBA3-766442088C0C}.Release|x64.ActiveCfg = Release|x64
		{81AD7D27-9141-43C7-BBA3-766442088C0C}.Release|x64.Build.0 = Release|x64
		{81AD7D27-9141-43C7-BBA3-766442088C0C}.Release|x86.ActiveCfg = Release|Win32
		{81AD7D27-9141-43C7-BBA3-766442088C0C}.Release|x86.Build.0 = Release|Win32
		{DE9C1743-C264-470E-97CF-F7634454ADE5}.Debug|x64.ActiveCfg = Debug|x64
		{DE9C1743-C264-470E-97CF-F7634454ADE5}.Debug|x64.Build.0 = Debug|x64
		{DE9C1743-C264-470E-97CF-F7634454ADE5}.Debug|x86.ActiveCfg = Debug|Win32
		{DE9C1743-C264-470E-97CF-F7634454ADE5}.Debug|x86.Build.0 = Debug|Win32
		{DE9C1743-C264-470E-97CF-F7634454ADE5}.Release|x64.ActiveCfg = Release|x64
		{DE9C1743-C264-470E-97CF-F7634454ADE5}.Release|x64.Build.0 = Release|x64
		{DE9C1743-C264-470E-97CF-F7634454ADE5}.Release|x86.ActiveCfg = Release|Win32
		{DE9C1743-C264-470E-97CF-F7634454ADE5}.Release|x86.Build.0 = Release|Win32
		{EFD6ABC4-E8A5-4D30-A706-02ACA2CC4C31}.Debug|x64.ActiveCfg = Debug|x64
		{EFD6ABC4-E8A5-4D30-A706-02ACA2CC4C31}.Debug|x64.Build.0 = Debug|x64
		{EFD6ABC4-E8A5-4D30-A706-02ACA2CC4C31}.Debug|x86.ActiveCfg = Debug|Win32
		{EFD6ABC4-E8A5-4D30-A706-02ACA2CC4C31}.Debug|x86.Build.0 = Debug|Win32
		{EFD6ABC4-E8A5-4D30-A706-02ACA2CC4C31}.Release|x64.ActiveCfg = Release|x64
		{EFD6ABC4-E8A5-4D30-A706-02ACA2CC4C31}.Release|x64.Build.0 = Release|x64
		{EFD6ABC4-E8A5-4D30-A706-02ACA2CC4C31}.Release|x86.ActiveCfg = Release|Win32
		{EFD6ABC4-E8A5-4D30-A706-02ACA2CC4C31}.Release|x86.Build.0 = Release|Win32
		{45B3CBFB-81C6-47B1-8449-715ACD0B54D1}.Debug|x64.ActiveCfg = Debug|x64
		{45B3CBFB-81C6-47B1-8449-715ACD0B54D1}.Debug|x64.Build.0 = Debug|x64
		{45B3CBFB-81C6-47B1-8449-715ACD0B54D1}.Debug|x86.ActiveCfg = Debug|Win32
		{45B3CBFB-81C6-47B1-8449-715ACD0B54D1}.Debug|x86.Build.0 = Debug|Win32
		{45B3CBFB-81C6-47B1-8449-715ACD0B54D1}.Release|x64.ActiveCfg = Release|x64
		{45B3CBFB-81C6-47B1-8449-715ACD0B54D1}.Release|x64.Build.0 = Release|x64
		{45B3CBFB-81C6-47B1-8449-715ACD0B54D1}.Release|x86.ActiveCfg = Release|Win32
		{45B3CBFB-81C6-47B1-8449-715ACD0B54D1}.Release|x86.Build.0 = Release|Win32
		{B2DF3E33-BACE-4F3B-B523-4856BF545084}.Debug|x64.ActiveCfg = Debug|x64
		{B2DF3E33-BACE-4F3B-B523-4856BF545084}.Debug|x64.Build.0 = Debug|x64
		{B2DF3E33-BACE-4F3B-B523-4856BF545084}.Debug|x86.ActiveCfg = Debug|Win32
		{B2DF3E33-BACE-4F3B-B523-4856BF545084}.Debug|x86.Build.0 = Debug|Win32
		{B2DF3E33-BACE-4F3B-B523-4856BF545084}.Release|x64.ActiveCfg = Release|x64
		{B2DF3E33-BACE-4F3B-B523-4856BF545084}.Release|x64.Build.0 = Release|x64
		{B2DF3E33-BACE-4F3B-B523-4856BF545084}.Release|x86.ActiveCfg = Release|Win32
		{B2DF3E33-BACE-4F3B-B523-4856BF545084}.Release|x86.Build.0 = Release|Win32
		{4D9A0A67-F32B-439D-970C-E82873137B60}.Debug|x64.ActiveCfg = Debug|x64
		{4D9A0A67-F32B-439D-970C-E82873137B60}.Debug|x64.Build.0 = Debug|x64
		{4D9A0A67-F32B-439D-970C-E82873137B60}.Debug|x86.ActiveCfg = Debug|Win32
		{4D9A0A67-F32B-439D-970C-E82873137B60}.Debug|x86.Build.0 = Debug|Win32
		{4D9A0A67-F32B-439D-970C-E82873137B60}.Release|x64.ActiveCfg = Release|x64
		{4D9A0A67-F32B-439D-970C-E82873137B60}.Release|x64.Build.0 = Release|x64
		{4D9A0A67-F32B-439D-970C-E82873137B60}.Release|x86.ActiveCfg = Release|Win32
		{4D9A0A67-F32B-439D-970C-E82873137B60}.Release|x86.Build.0 = Release|Win32
		{BFD19644-0B5D-44F3-A85E-A671CF1C8164}.Debug|x64.ActiveCfg = Debug|x64
		{BFD19644-0B5D-44F3-A85E-A671CF1C8164}.Debug|x64.Build.0 = Debug|x64
		{BFD19644-0B5D-44F3-A85E-A671CF1C8164}.Debug|x86.ActiveCfg = Debug|Win32
		{BFD19644-0B5D-44F3-A85E-A671CF1C8164}.Debug|x86.Build.0 = Debug|Win32
		{BFD19644-0B5D-44F3-A85E-A671CF1C8164}.Release|x64.ActiveCfg = Release|x64
		{BFD19644-0B5D-44F3-A85E-A671CF1C8164}.Release|x64.Build.0 = Release|x64
		{BFD19644-0B5D-44F3-A85E-A671CF1C8164}.Release|x86.ActiveCfg = Release|Win32
		{BFD19644-0B5D-44F3-A85E-A671CF1C8164}.Release|x86.Build.0 = Release|Win32
		{2C6612F4-6A00-4C01-9183-F40C842BF9E2}.Debug|x64.ActiveCfg = Debug|x64
		{2C6612F4-6A00-4C01-9183-F40C842BF9E2}.Debug|x64.Build.0 = Debug|x64
		{2C6612F4-6A00-4C01-9183-F40C842BF9E2}.Debug|x86.ActiveCfg = Debug|Win32
		{2C6612F4-6A00-4C01-9183-F40C842BF9E2}.Debug|x86.Build.0 = Debug|Win32
		{2C6612F4-6A00-4C01-9183-F40C842BF9E2}.Release|x64.ActiveCfg = Release|x64
		{2C6612F4-6A00-4C01-9183-F40C842BF9E2}.Release|x64.Build.0 = Release|x64
		{2C6612F4-6A00-4C01-9183-F40C842BF9E2}.Release|x86.ActiveCfg = Release|Win32
		{2C6612F4-6A00-4C01-9183-F40C842BF9E2}.Release|x86.Build.0 = Release|Win32
		{4362DA22-FBEF-44EF-8074-F3DD9C56405F}.Debug|x64.ActiveCfg = Debug|x64
		{4362DA22-FBEF-44EF-8074-F3DD9C56405F}.Debug|x64.Build.0 = Debug|x64
		{4362DA22-FBEF-44EF-8074-F3DD9C56405F}.Debug|x86.ActiveCfg = Debug|Win32
		{4362DA22-FBEF-44EF-8074-F3DD9C56405F}.Debug|x86.Build.0 = Debug|Win32
		{4362DA22-FBEF-44EF-8074-F3DD9C56405F}.Release|x64.ActiveCfg = Release|x64
		{4362DA22-FBEF-44EF-8074-F3DD9C56405F}.Release|x64.Build.0 = Release|x64
		{4362DA22-FBEF-44EF-8074-F3DD9C56405F}.Release|x86.ActiveCfg = Release|Win32
		{4362DA22-FBEF-44EF-8074-F3DD9C56405F}.Release|x86.Build.0 = Release|Win32
		{E7DE2665-1C15-4C26-BFA9-7ED3F0EF65DC}.Debug|x64.ActiveCfg = Debug|x64
		{E7DE2665-1C15-4C26-BFA9-7ED3F0EF65DC}.Debug|x64.Build.0 = Debug|x64
		{E7DE2665-1C15-4C26-BFA9-7ED3F0EF65DC}.Debug|x86.ActiveCfg = Debug|Win32
		{E7DE2665-1C15-4C26-BFA9-7ED3F0EF65DC}.Debug|x86.Build.0 = Debug|Win32
		{E7DE2665-1C15-4C26-BFA9-7ED3F0EF65DC}.Release|x64.ActiveCfg = Release|x64
		{E7DE2665-1C15-4C26-BFA9-7ED3F0EF65DC}.Release|x64.Build.0 = Release|x64
		{E7DE2665-1C15-4C26-BFA9-7ED3F0EF65DC}.Release|x86.ActiveCfg = Release|Win32
		{E7DE2665-1C15-4C26-BFA9-7ED3F0EF65DC}.Release|x86.Build.0 = Release|Win32
		{6F6C8D06-046F-4D15-86EF-B35CAAD6968C}.Debug|x64.ActiveCfg = Debug|x64
		{6F6C8D06-046F-4D15-86EF-B35CAAD6968C}.Debug|x64.Build.0 = Debug|x64
		{6F6C8D06-046F-4D15-86EF-B35CAAD6968C}.Debug|x86.ActiveCfg = Debug|Win32
		{6F6C8D06-046F-4D15-86EF-B35CAAD6968C}.Debug|x86.Build.0 = Debug|Win32
		{6F6C8D06-046F-4D15-86EF-B35CAAD6968C}.Release|x64.ActiveCfg = Release|x64
		{6F6C8D06-046F-4D15-86EF-B35CAAD6968C}.Release|x64.Build.0 = Release|x64
		{6F6C8D06-046F-4D15-86EF-B35CAAD6968C}.Release|x86.ActiveCfg = Release|Win32
		{6F6C8D06-046F-4D15-86EF-B35CAAD6968C}.Release|x86.Build.0 = Release|Win32
		{9BC0A4CD-255B-4C0E-A2EA-0E02AAB78EE4}.Debug|x64.ActiveCfg = Debug|x64
		{9BC0A4CD-255B-4C0E-A2EA-0E02AAB78EE4}.Debug|x64.Build.0 = Debug|x64
		{9BC0A4CD-255B-4C0E-A2EA-0E02AAB78EE4}.Debug|x86.ActiveCfg = Debug|Win32
		{9BC0A4CD-255B-4C0E-A2EA-0E02AAB78EE4}.Debug|x86.Build.0 = Debug|Win32
		{9BC0A4CD-255B-4C0E-A2EA-0E02AAB78EE4}.Release|x64.ActiveCfg = Release|x64
		{9BC0A4CD-255B-4C0E-A2EA-0E02AAB78EE4}.Release|x64.Build.0 = Release|x64
		{9BC0A4CD-255B-4C0E-A2EA-0E02AAB78EE4}.Release|x86.ActiveCfg = Release|Win32
		{9BC0A4CD-255B-4C0E-A2EA-0E02AAB78EE4}.Release|x86.Build.0 = Release|Win32
		{443B1DD7-D7A2-48BD-B1E6-CFD81FA67832}.Debug|x64.ActiveCfg = Debug|x64
		{443B1DD7-D7A2-48BD-B1E6-CFD81FA67832}.Debug|x64.Build.0 = Debug|x64
		{443B1DD7-D7A2-48BD-B1E6-CFD81FA67832}.Debug|x86.ActiveCfg = Debug|Win32
		{443B1DD7-D7A2-48BD-B1E6-CFD81FA67832}.Debug|x86.Build.0 = Debug|Win32
		{443B1DD7-D7A2-48BD-B1E6-CFD81FA67832}.Release|x64.ActiveCfg = Release|x64
		{443B1DD7-D7A2-48BD-B1E6-CFD81FA67832}.Release|x64.Build.0 = Release|x64
		{443B1DD7-D7A2-48BD-B1E6-CFD81FA67832}.Release|x86.ActiveCfg = Release|Win32
		{443B1DD7-D7A2-48BD-B1E6-CFD81FA67832}.Release|x86.Build.0 = Release|Win32
		{9DBD08E1-841E-4D68-9FE4-4DC653209AEA}.Debug|x64.ActiveCfg = Debug|x64
		{9DBD08E1-841E-4D68-9FE4-4DC653209AEA}.Debug|x64.Build.0 = Debug|x64
		{9DBD08E1-841E-4D68-9FE4-4DC653209AEA}.Debug|x86.ActiveCfg = Debug|Win32
		{9DBD08E1-841E-4D68-9FE4-4DC653209AEA}.Debug|x86.Build.0 = Debug|Win32
		{9DBD08E1-841E-4D68-9FE4-4DC653209AEA}.Release|x64.ActiveCfg = Release|x64
		{9DBD08E1-841E-4D68-9FE4-4DC653209AEA}.Release|x64.Build.0 = Release|x64
		{9DBD08E1-841E-4D68-9FE4-4DC653209AEA}.Release|x86.ActiveCfg = Release|Win32
		{9DBD08E1-841E-4D68-9FE4-4DC653209AEA}.Release|x86.Build.0 = Release|Win32
		{4F1268E6-0483-40E5-8FFC-1ED3030C4AF8}.Debug|x64.ActiveCfg = Debug|x64
		{4F1268E6-0483-40E5-8FFC-1ED3030C4AF8}.Debug|x64.Build.0 = Debug|x64
		{4F1268E6-0483-40E5-8FFC-1ED3030C4AF8}.Debug|x86.ActiveCfg = Debug|Win32
		{4F1268E6-0483-40E5-8FFC-1ED3030C4AF8}.Debug|x86.Build.0 = Debug|Win32
		{4F1268E6-0483-40E5-8FFC-1ED3030C4AF8}.Release|x64.ActiveCfg = Release|x64
		{4F1268E6-0483-40E5-8FFC-1ED3030C4AF8}.Release|x64.Build.0 = Release|x64
		{4F1268E6-0483-40E5-8FFC-1ED3030C4AF8}.Release|x86.ActiveCfg = Release|Win32
		{4F1268E6-0483-40E5-8FFC-1ED3030C4AF8}.Release|x86.Build.0 = Release|Win32
		{A6B41986-308A-4B54-82F6-24C420051601}.Debug|x64.ActiveCfg = Debug|x64
		{A6B41986-308A-4B54-82F6-24C420051601}.Debug|x64.Build.0 = Debug|x64
		{A6B41986-308A-4B54-82F6-24C420051601}.Debug|x86.ActiveCfg = Debug|Win32
		{A6B41986-308A-4B54-82F6-24C420051601}.Debug|x86.Build.0 = Debug|Win32
		{A6B41986-308A-4B54-82F6-24C420051601}.Release|x64.ActiveCfg = Release|x64
		{A6B41986-308A-4B54-82F6-24C420051601}.Release|x64.Build.0 = Release|x64
		{A6B41986-308A-4B54-82F6-24C420051601}.Release|x86.ActiveCfg = Release|Win32
		{A6B41986-308A-4B54-82F6-24C420051601}.Release|x86.Build.0 = Release|Win32
		{6760A34B-E0AC-4218-9ED1-5D262ABAEE14}.Debug|x64.ActiveCfg = Debug|x64
		{6760A34B-E0AC-4218-9ED1-5D262ABAEE14}.Debug|x64.Build.0 = Debug|x64
		{6760A34B-E0AC-4218-9ED1-5D262ABAEE14}.Debug|x86.ActiveCfg = Debug|Win32
		{6760A34B-E0AC-4218-9ED1-5D262ABAEE14}.Debug|x86.Build.0 = Debug|Win32
		{6760A34B-E0AC-4218-9ED1-5D262ABAEE14}.Release|x64.ActiveCfg = Release|x64
		{6760A34B-E0AC-4218-9ED1-5D262ABAEE14}.Release|x64.Build.0 = Release|x64
		{6760A34B-E0AC-4218-9ED1-5D262ABAEE14}.Release|x86.ActiveCfg = Release|Win32
		{6760A34B-E0AC-4218-9ED1-5D262ABAEE14}.Release|x86.Build.0 = Release|Win32
		{6494E90F-CD49-4B03-884E-19FD0C095079}.Debug|x64.ActiveCfg = Debug|x64
		{6494E90F-CD49-4B03-884E-19FD0C095079}.Debug|x64.Build.0 = Debug|x64
		{6494E90F-CD49-4B03-884E-19FD0C095079}.Debug|x86.ActiveCfg = Debug|Win32
		{6494E90F-CD49-4B03-884E-19FD0C095079}.Debug|x86.Build.0 = Debug|Win32
		{6494E90F-CD49-4B03-884E-19FD0C095079}.Release|x64.ActiveCfg = Release|x64
		{6494E90F-CD49-4B03-884E-19FD0C095079}.Release|x64.Build.0 = Release|x64
		{6494E90F-CD49-4B03-884E-19FD0C095079}.Release|x86.ActiveCfg = Release|Win32
		{6494E90F-CD49-4B03-884E-19FD0C095079}.Release|x86.Build.0 = Release|Win32
	EndGlobalSection
	GlobalSection(SolutionProperties) = preSolution
		HideSolutionNode = FALSE
	EndGlobalSection
	GlobalSection(ExtensibilityGlobals) = postSolution
		SolutionGuid = {A5B21E04-2DBF-49C8-847A-1CC423BFF8F2}
	EndGlobalSection
EndGlobal
