
Microsoft Visual Studio Solution File, Format Version 12.00
# Visual Studio Version 16
VisualStudioVersion = 16.0.29911.84
MinimumVisualStudioVersion = 10.0.40219.1
Project("{8BC9CEB8-8B4A-11D0-8D11-00A0C91BC942}") = "BOJ2798", "BOJ2798\BOJ2798.vcxproj", "{949ADEA5-D882-4F60-A85A-4F3D5FE3B2D9}"
EndProject
Project("{8BC9CEB8-8B4A-11D0-8D11-00A0C91BC942}") = "BOJ2231", "BOJ2231\BOJ2231.vcxproj", "{DB19E9E1-962F-4744-AB41-543B73A7804C}"
EndProject
Project("{8BC9CEB8-8B4A-11D0-8D11-00A0C91BC942}") = "BOJ7568", "BOJ7568\BOJ7568.vcxproj", "{69A7C275-BADB-4AE8-9E02-20784EA3627B}"
EndProject
Project("{8BC9CEB8-8B4A-11D0-8D11-00A0C91BC942}") = "BOJ1018", "BOJ1018\BOJ1018.vcxproj", "{7AE7FF05-80B7-4C0F-9F23-9159264CD9CB}"
EndProject
Project("{8BC9CEB8-8B4A-11D0-8D11-00A0C91BC942}") = "BOJ2920", "BOJ2920\BOJ2920.vcxproj", "{59CDD673-0DAB-4BA7-8A62-A184F5027BD8}"
EndProject
Project("{8BC9CEB8-8B4A-11D0-8D11-00A0C91BC942}") = "BOJ2475", "BOJ2475\BOJ2475.vcxproj", "{139CAD89-7432-4AE4-8A89-5ED9FCACDA41}"
EndProject
Project("{8BC9CEB8-8B4A-11D0-8D11-00A0C91BC942}") = "BOJ1436", "BOJ1436\BOJ1436.vcxproj", "{D87659C7-D32D-4598-8B0C-E5F1AF60D1AD}"
EndProject
Global
	GlobalSection(SolutionConfigurationPlatforms) = preSolution
		Debug|x64 = Debug|x64
		Debug|x86 = Debug|x86
		Release|x64 = Release|x64
		Release|x86 = Release|x86
	EndGlobalSection
	GlobalSection(ProjectConfigurationPlatforms) = postSolution
		{949ADEA5-D882-4F60-A85A-4F3D5FE3B2D9}.Debug|x64.ActiveCfg = Debug|x64
		{949ADEA5-D882-4F60-A85A-4F3D5FE3B2D9}.Debug|x64.Build.0 = Debug|x64
		{949ADEA5-D882-4F60-A85A-4F3D5FE3B2D9}.Debug|x86.ActiveCfg = Debug|Win32
		{949ADEA5-D882-4F60-A85A-4F3D5FE3B2D9}.Debug|x86.Build.0 = Debug|Win32
		{949ADEA5-D882-4F60-A85A-4F3D5FE3B2D9}.Release|x64.ActiveCfg = Release|x64
		{949ADEA5-D882-4F60-A85A-4F3D5FE3B2D9}.Release|x64.Build.0 = Release|x64
		{949ADEA5-D882-4F60-A85A-4F3D5FE3B2D9}.Release|x86.ActiveCfg = Release|Win32
		{949ADEA5-D882-4F60-A85A-4F3D5FE3B2D9}.Release|x86.Build.0 = Release|Win32
		{DB19E9E1-962F-4744-AB41-543B73A7804C}.Debug|x64.ActiveCfg = Debug|x64
		{DB19E9E1-962F-4744-AB41-543B73A7804C}.Debug|x64.Build.0 = Debug|x64
		{DB19E9E1-962F-4744-AB41-543B73A7804C}.Debug|x86.ActiveCfg = Debug|Win32
		{DB19E9E1-962F-4744-AB41-543B73A7804C}.Debug|x86.Build.0 = Debug|Win32
		{DB19E9E1-962F-4744-AB41-543B73A7804C}.Release|x64.ActiveCfg = Release|x64
		{DB19E9E1-962F-4744-AB41-543B73A7804C}.Release|x64.Build.0 = Release|x64
		{DB19E9E1-962F-4744-AB41-543B73A7804C}.Release|x86.ActiveCfg = Release|Win32
		{DB19E9E1-962F-4744-AB41-543B73A7804C}.Release|x86.Build.0 = Release|Win32
		{69A7C275-BADB-4AE8-9E02-20784EA3627B}.Debug|x64.ActiveCfg = Debug|x64
		{69A7C275-BADB-4AE8-9E02-20784EA3627B}.Debug|x64.Build.0 = Debug|x64
		{69A7C275-BADB-4AE8-9E02-20784EA3627B}.Debug|x86.ActiveCfg = Debug|Win32
		{69A7C275-BADB-4AE8-9E02-20784EA3627B}.Debug|x86.Build.0 = Debug|Win32
		{69A7C275-BADB-4AE8-9E02-20784EA3627B}.Release|x64.ActiveCfg = Release|x64
		{69A7C275-BADB-4AE8-9E02-20784EA3627B}.Release|x64.Build.0 = Release|x64
		{69A7C275-BADB-4AE8-9E02-20784EA3627B}.Release|x86.ActiveCfg = Release|Win32
		{69A7C275-BADB-4AE8-9E02-20784EA3627B}.Release|x86.Build.0 = Release|Win32
		{7AE7FF05-80B7-4C0F-9F23-9159264CD9CB}.Debug|x64.ActiveCfg = Debug|x64
		{7AE7FF05-80B7-4C0F-9F23-9159264CD9CB}.Debug|x64.Build.0 = Debug|x64
		{7AE7FF05-80B7-4C0F-9F23-9159264CD9CB}.Debug|x86.ActiveCfg = Debug|Win32
		{7AE7FF05-80B7-4C0F-9F23-9159264CD9CB}.Debug|x86.Build.0 = Debug|Win32
		{7AE7FF05-80B7-4C0F-9F23-9159264CD9CB}.Release|x64.ActiveCfg = Release|x64
		{7AE7FF05-80B7-4C0F-9F23-9159264CD9CB}.Release|x64.Build.0 = Release|x64
		{7AE7FF05-80B7-4C0F-9F23-9159264CD9CB}.Release|x86.ActiveCfg = Release|Win32
		{7AE7FF05-80B7-4C0F-9F23-9159264CD9CB}.Release|x86.Build.0 = Release|Win32
		{59CDD673-0DAB-4BA7-8A62-A184F5027BD8}.Debug|x64.ActiveCfg = Debug|x64
		{59CDD673-0DAB-4BA7-8A62-A184F5027BD8}.Debug|x64.Build.0 = Debug|x64
		{59CDD673-0DAB-4BA7-8A62-A184F5027BD8}.Debug|x86.ActiveCfg = Debug|Win32
		{59CDD673-0DAB-4BA7-8A62-A184F5027BD8}.Debug|x86.Build.0 = Debug|Win32
		{59CDD673-0DAB-4BA7-8A62-A184F5027BD8}.Release|x64.ActiveCfg = Release|x64
		{59CDD673-0DAB-4BA7-8A62-A184F5027BD8}.Release|x64.Build.0 = Release|x64
		{59CDD673-0DAB-4BA7-8A62-A184F5027BD8}.Release|x86.ActiveCfg = Release|Win32
		{59CDD673-0DAB-4BA7-8A62-A184F5027BD8}.Release|x86.Build.0 = Release|Win32
		{139CAD89-7432-4AE4-8A89-5ED9FCACDA41}.Debug|x64.ActiveCfg = Debug|x64
		{139CAD89-7432-4AE4-8A89-5ED9FCACDA41}.Debug|x64.Build.0 = Debug|x64
		{139CAD89-7432-4AE4-8A89-5ED9FCACDA41}.Debug|x86.ActiveCfg = Debug|Win32
		{139CAD89-7432-4AE4-8A89-5ED9FCACDA41}.Debug|x86.Build.0 = Debug|Win32
		{139CAD89-7432-4AE4-8A89-5ED9FCACDA41}.Release|x64.ActiveCfg = Release|x64
		{139CAD89-7432-4AE4-8A89-5ED9FCACDA41}.Release|x64.Build.0 = Release|x64
		{139CAD89-7432-4AE4-8A89-5ED9FCACDA41}.Release|x86.ActiveCfg = Release|Win32
		{139CAD89-7432-4AE4-8A89-5ED9FCACDA41}.Release|x86.Build.0 = Release|Win32
		{D87659C7-D32D-4598-8B0C-E5F1AF60D1AD}.Debug|x64.ActiveCfg = Debug|x64
		{D87659C7-D32D-4598-8B0C-E5F1AF60D1AD}.Debug|x64.Build.0 = Debug|x64
		{D87659C7-D32D-4598-8B0C-E5F1AF60D1AD}.Debug|x86.ActiveCfg = Debug|Win32
		{D87659C7-D32D-4598-8B0C-E5F1AF60D1AD}.Debug|x86.Build.0 = Debug|Win32
		{D87659C7-D32D-4598-8B0C-E5F1AF60D1AD}.Release|x64.ActiveCfg = Release|x64
		{D87659C7-D32D-4598-8B0C-E5F1AF60D1AD}.Release|x64.Build.0 = Release|x64
		{D87659C7-D32D-4598-8B0C-E5F1AF60D1AD}.Release|x86.ActiveCfg = Release|Win32
		{D87659C7-D32D-4598-8B0C-E5F1AF60D1AD}.Release|x86.Build.0 = Release|Win32
	EndGlobalSection
	GlobalSection(SolutionProperties) = preSolution
		HideSolutionNode = FALSE
	EndGlobalSection
	GlobalSection(ExtensibilityGlobals) = postSolution
		SolutionGuid = {8040525C-990D-44B7-B785-2239DCF75383}
	EndGlobalSection
EndGlobal
