
Microsoft Visual Studio Solution File, Format Version 12.00
# Visual Studio Version 16
VisualStudioVersion = 16.0.29911.84
MinimumVisualStudioVersion = 10.0.40219.1
Project("{8BC9CEB8-8B4A-11D0-8D11-00A0C91BC942}") = "Q1", "Q1\Q1.vcxproj", "{57C96B21-BABF-4544-A930-2370B6FC5A11}"
EndProject
Project("{8BC9CEB8-8B4A-11D0-8D11-00A0C91BC942}") = "Q2", "Q2\Q2.vcxproj", "{35EBA0E6-16C1-4817-B785-3ADE087255A1}"
EndProject
Project("{8BC9CEB8-8B4A-11D0-8D11-00A0C91BC942}") = "ListPractice", "ListPractice\ListPractice.vcxproj", "{6EA4B2A7-34BA-483C-9CD1-A967745C8F61}"
EndProject
Project("{8BC9CEB8-8B4A-11D0-8D11-00A0C91BC942}") = "BOJ10807", "10807\10807.vcxproj", "{56061F4B-EE2F-4209-88C2-A97C8F89A82B}"
EndProject
Project("{8BC9CEB8-8B4A-11D0-8D11-00A0C91BC942}") = "BOJ11328", "11328\11328.vcxproj", "{92AC5C33-F8B0-4FA4-AB31-900887850E28}"
EndProject
Project("{8BC9CEB8-8B4A-11D0-8D11-00A0C91BC942}") = "Q2(withO(N))", "Q2(withO(N))\Q2(withO(N)).vcxproj", "{7BA311F2-6C02-462E-B4AD-664B74F4F9D9}"
EndProject
Project("{8BC9CEB8-8B4A-11D0-8D11-00A0C91BC942}") = "BOJ13300", "BOJ13300\BOJ13300.vcxproj", "{A58E11C3-1741-4290-BD38-C872CB4309B4}"
EndProject
Project("{8BC9CEB8-8B4A-11D0-8D11-00A0C91BC942}") = "BOJ1475", "BOJ1475\BOJ1475.vcxproj", "{28685CE1-2386-4912-8F5C-F31DBD6E5A90}"
EndProject
Project("{8BC9CEB8-8B4A-11D0-8D11-00A0C91BC942}") = "BOJ1919", "BOJ1919\BOJ1919.vcxproj", "{07BC26AD-C4ED-412E-A778-3B62D614E610}"
EndProject
Project("{8BC9CEB8-8B4A-11D0-8D11-00A0C91BC942}") = "BOJ3273", "BOJ3273\BOJ3273.vcxproj", "{E9A3DE09-753A-4AF5-992F-53B5287466E8}"
EndProject
Project("{8BC9CEB8-8B4A-11D0-8D11-00A0C91BC942}") = "simpleListPrac", "simpleListPrac\simpleListPrac.vcxproj", "{B42F735F-1736-4305-8633-78D14E6E23DB}"
EndProject
Project("{8BC9CEB8-8B4A-11D0-8D11-00A0C91BC942}") = "BOJ5397", "BOJ5397\BOJ5397.vcxproj", "{6A1B5741-18EF-4B8E-A9E5-6C2FF477357C}"
EndProject
Project("{8BC9CEB8-8B4A-11D0-8D11-00A0C91BC942}") = "Stack", "Stack\Stack.vcxproj", "{83B34427-688E-4F1C-BA9B-60A97F28E5F4}"
EndProject
Project("{8BC9CEB8-8B4A-11D0-8D11-00A0C91BC942}") = "BOJ10773", "BOJ10773\BOJ10773.vcxproj", "{16036ED5-D58F-468C-A36E-F24B992CB8B3}"
EndProject
Project("{8BC9CEB8-8B4A-11D0-8D11-00A0C91BC942}") = "BOJ2493", "BOJ2493\BOJ2493.vcxproj", "{B7F76FB3-111C-4B7C-B189-DCE937468EDF}"
EndProject
Project("{8BC9CEB8-8B4A-11D0-8D11-00A0C91BC942}") = "BOJ6198", "BOJ6198\BOJ6198.vcxproj", "{1A8F70E6-BEFE-4ACE-9C8A-BE1A505A82ED}"
EndProject
Project("{8BC9CEB8-8B4A-11D0-8D11-00A0C91BC942}") = "basicqueue", "basicqueue\basicqueue.vcxproj", "{A492C26B-24F9-49E2-833C-AA212F5F4015}"
EndProject
Project("{8BC9CEB8-8B4A-11D0-8D11-00A0C91BC942}") = "BOJ18258", "BOJ18258\BOJ18258.vcxproj", "{7861E4DA-1DA4-4306-9E96-0B38E82B4499}"
EndProject
Project("{8BC9CEB8-8B4A-11D0-8D11-00A0C91BC942}") = "DequePractice", "Project1\Project1.vcxproj", "{F9106156-08FD-4F70-B550-9C4A285D990B}"
EndProject
Project("{8BC9CEB8-8B4A-11D0-8D11-00A0C91BC942}") = "BOJ1021", "BOJ1021\BOJ1021.vcxproj", "{DF8E7822-99FA-4D13-AA3F-EB4E6E40D97A}"
EndProject
Project("{8BC9CEB8-8B4A-11D0-8D11-00A0C91BC942}") = "BOJ5430", "BOJ5430\BOJ5430.vcxproj", "{D8C91450-2798-4639-BDC0-E78BEB929EF9}"
EndProject
Project("{8BC9CEB8-8B4A-11D0-8D11-00A0C91BC942}") = "BOJ4949", "BOJ4949\BOJ4949.vcxproj", "{F50EDA43-B132-49DF-ABD2-8A788B486EED}"
EndProject
Project("{2150E333-8FDC-42A3-9474-1A3956D46DE8}") = "stackapplication", "stackapplication", "{0E021F04-74EB-4E41-8879-39BAAAEFAD58}"
EndProject
Project("{8BC9CEB8-8B4A-11D0-8D11-00A0C91BC942}") = "BOJ2504", "BOJ2504\BOJ2504.vcxproj", "{BE9B1848-F4AC-4177-A3C7-36D7B470F068}"
EndProject
Project("{2150E333-8FDC-42A3-9474-1A3956D46DE8}") = "BFS", "BFS", "{C7C7146C-B9BD-4CD4-8369-DD7162A64F83}"
EndProject
Project("{8BC9CEB8-8B4A-11D0-8D11-00A0C91BC942}") = "BFSPrac", "BFSPrac\BFSPrac.vcxproj", "{79990D32-8F3E-4299-A509-67A9CE458112}"
EndProject
Global
	GlobalSection(SolutionConfigurationPlatforms) = preSolution
		Debug|x64 = Debug|x64
		Debug|x86 = Debug|x86
		Release|x64 = Release|x64
		Release|x86 = Release|x86
	EndGlobalSection
	GlobalSection(ProjectConfigurationPlatforms) = postSolution
		{57C96B21-BABF-4544-A930-2370B6FC5A11}.Debug|x64.ActiveCfg = Debug|x64
		{57C96B21-BABF-4544-A930-2370B6FC5A11}.Debug|x64.Build.0 = Debug|x64
		{57C96B21-BABF-4544-A930-2370B6FC5A11}.Debug|x86.ActiveCfg = Debug|Win32
		{57C96B21-BABF-4544-A930-2370B6FC5A11}.Debug|x86.Build.0 = Debug|Win32
		{57C96B21-BABF-4544-A930-2370B6FC5A11}.Release|x64.ActiveCfg = Release|x64
		{57C96B21-BABF-4544-A930-2370B6FC5A11}.Release|x64.Build.0 = Release|x64
		{57C96B21-BABF-4544-A930-2370B6FC5A11}.Release|x86.ActiveCfg = Release|Win32
		{57C96B21-BABF-4544-A930-2370B6FC5A11}.Release|x86.Build.0 = Release|Win32
		{35EBA0E6-16C1-4817-B785-3ADE087255A1}.Debug|x64.ActiveCfg = Debug|x64
		{35EBA0E6-16C1-4817-B785-3ADE087255A1}.Debug|x64.Build.0 = Debug|x64
		{35EBA0E6-16C1-4817-B785-3ADE087255A1}.Debug|x86.ActiveCfg = Debug|Win32
		{35EBA0E6-16C1-4817-B785-3ADE087255A1}.Debug|x86.Build.0 = Debug|Win32
		{35EBA0E6-16C1-4817-B785-3ADE087255A1}.Release|x64.ActiveCfg = Release|x64
		{35EBA0E6-16C1-4817-B785-3ADE087255A1}.Release|x64.Build.0 = Release|x64
		{35EBA0E6-16C1-4817-B785-3ADE087255A1}.Release|x86.ActiveCfg = Release|Win32
		{35EBA0E6-16C1-4817-B785-3ADE087255A1}.Release|x86.Build.0 = Release|Win32
		{6EA4B2A7-34BA-483C-9CD1-A967745C8F61}.Debug|x64.ActiveCfg = Debug|x64
		{6EA4B2A7-34BA-483C-9CD1-A967745C8F61}.Debug|x64.Build.0 = Debug|x64
		{6EA4B2A7-34BA-483C-9CD1-A967745C8F61}.Debug|x86.ActiveCfg = Debug|Win32
		{6EA4B2A7-34BA-483C-9CD1-A967745C8F61}.Debug|x86.Build.0 = Debug|Win32
		{6EA4B2A7-34BA-483C-9CD1-A967745C8F61}.Release|x64.ActiveCfg = Release|x64
		{6EA4B2A7-34BA-483C-9CD1-A967745C8F61}.Release|x64.Build.0 = Release|x64
		{6EA4B2A7-34BA-483C-9CD1-A967745C8F61}.Release|x86.ActiveCfg = Release|Win32
		{6EA4B2A7-34BA-483C-9CD1-A967745C8F61}.Release|x86.Build.0 = Release|Win32
		{56061F4B-EE2F-4209-88C2-A97C8F89A82B}.Debug|x64.ActiveCfg = Debug|x64
		{56061F4B-EE2F-4209-88C2-A97C8F89A82B}.Debug|x64.Build.0 = Debug|x64
		{56061F4B-EE2F-4209-88C2-A97C8F89A82B}.Debug|x86.ActiveCfg = Debug|Win32
		{56061F4B-EE2F-4209-88C2-A97C8F89A82B}.Debug|x86.Build.0 = Debug|Win32
		{56061F4B-EE2F-4209-88C2-A97C8F89A82B}.Release|x64.ActiveCfg = Release|x64
		{56061F4B-EE2F-4209-88C2-A97C8F89A82B}.Release|x64.Build.0 = Release|x64
		{56061F4B-EE2F-4209-88C2-A97C8F89A82B}.Release|x86.ActiveCfg = Release|Win32
		{56061F4B-EE2F-4209-88C2-A97C8F89A82B}.Release|x86.Build.0 = Release|Win32
		{92AC5C33-F8B0-4FA4-AB31-900887850E28}.Debug|x64.ActiveCfg = Debug|x64
		{92AC5C33-F8B0-4FA4-AB31-900887850E28}.Debug|x64.Build.0 = Debug|x64
		{92AC5C33-F8B0-4FA4-AB31-900887850E28}.Debug|x86.ActiveCfg = Debug|Win32
		{92AC5C33-F8B0-4FA4-AB31-900887850E28}.Debug|x86.Build.0 = Debug|Win32
		{92AC5C33-F8B0-4FA4-AB31-900887850E28}.Release|x64.ActiveCfg = Release|x64
		{92AC5C33-F8B0-4FA4-AB31-900887850E28}.Release|x64.Build.0 = Release|x64
		{92AC5C33-F8B0-4FA4-AB31-900887850E28}.Release|x86.ActiveCfg = Release|Win32
		{92AC5C33-F8B0-4FA4-AB31-900887850E28}.Release|x86.Build.0 = Release|Win32
		{7BA311F2-6C02-462E-B4AD-664B74F4F9D9}.Debug|x64.ActiveCfg = Debug|x64
		{7BA311F2-6C02-462E-B4AD-664B74F4F9D9}.Debug|x64.Build.0 = Debug|x64
		{7BA311F2-6C02-462E-B4AD-664B74F4F9D9}.Debug|x86.ActiveCfg = Debug|Win32
		{7BA311F2-6C02-462E-B4AD-664B74F4F9D9}.Debug|x86.Build.0 = Debug|Win32
		{7BA311F2-6C02-462E-B4AD-664B74F4F9D9}.Release|x64.ActiveCfg = Release|x64
		{7BA311F2-6C02-462E-B4AD-664B74F4F9D9}.Release|x64.Build.0 = Release|x64
		{7BA311F2-6C02-462E-B4AD-664B74F4F9D9}.Release|x86.ActiveCfg = Release|Win32
		{7BA311F2-6C02-462E-B4AD-664B74F4F9D9}.Release|x86.Build.0 = Release|Win32
		{A58E11C3-1741-4290-BD38-C872CB4309B4}.Debug|x64.ActiveCfg = Debug|x64
		{A58E11C3-1741-4290-BD38-C872CB4309B4}.Debug|x64.Build.0 = Debug|x64
		{A58E11C3-1741-4290-BD38-C872CB4309B4}.Debug|x86.ActiveCfg = Debug|Win32
		{A58E11C3-1741-4290-BD38-C872CB4309B4}.Debug|x86.Build.0 = Debug|Win32
		{A58E11C3-1741-4290-BD38-C872CB4309B4}.Release|x64.ActiveCfg = Release|x64
		{A58E11C3-1741-4290-BD38-C872CB4309B4}.Release|x64.Build.0 = Release|x64
		{A58E11C3-1741-4290-BD38-C872CB4309B4}.Release|x86.ActiveCfg = Release|Win32
		{A58E11C3-1741-4290-BD38-C872CB4309B4}.Release|x86.Build.0 = Release|Win32
		{28685CE1-2386-4912-8F5C-F31DBD6E5A90}.Debug|x64.ActiveCfg = Debug|x64
		{28685CE1-2386-4912-8F5C-F31DBD6E5A90}.Debug|x64.Build.0 = Debug|x64
		{28685CE1-2386-4912-8F5C-F31DBD6E5A90}.Debug|x86.ActiveCfg = Debug|Win32
		{28685CE1-2386-4912-8F5C-F31DBD6E5A90}.Debug|x86.Build.0 = Debug|Win32
		{28685CE1-2386-4912-8F5C-F31DBD6E5A90}.Release|x64.ActiveCfg = Release|x64
		{28685CE1-2386-4912-8F5C-F31DBD6E5A90}.Release|x64.Build.0 = Release|x64
		{28685CE1-2386-4912-8F5C-F31DBD6E5A90}.Release|x86.ActiveCfg = Release|Win32
		{28685CE1-2386-4912-8F5C-F31DBD6E5A90}.Release|x86.Build.0 = Release|Win32
		{07BC26AD-C4ED-412E-A778-3B62D614E610}.Debug|x64.ActiveCfg = Debug|x64
		{07BC26AD-C4ED-412E-A778-3B62D614E610}.Debug|x64.Build.0 = Debug|x64
		{07BC26AD-C4ED-412E-A778-3B62D614E610}.Debug|x86.ActiveCfg = Debug|Win32
		{07BC26AD-C4ED-412E-A778-3B62D614E610}.Debug|x86.Build.0 = Debug|Win32
		{07BC26AD-C4ED-412E-A778-3B62D614E610}.Release|x64.ActiveCfg = Release|x64
		{07BC26AD-C4ED-412E-A778-3B62D614E610}.Release|x64.Build.0 = Release|x64
		{07BC26AD-C4ED-412E-A778-3B62D614E610}.Release|x86.ActiveCfg = Release|Win32
		{07BC26AD-C4ED-412E-A778-3B62D614E610}.Release|x86.Build.0 = Release|Win32
		{E9A3DE09-753A-4AF5-992F-53B5287466E8}.Debug|x64.ActiveCfg = Debug|x64
		{E9A3DE09-753A-4AF5-992F-53B5287466E8}.Debug|x64.Build.0 = Debug|x64
		{E9A3DE09-753A-4AF5-992F-53B5287466E8}.Debug|x86.ActiveCfg = Debug|Win32
		{E9A3DE09-753A-4AF5-992F-53B5287466E8}.Debug|x86.Build.0 = Debug|Win32
		{E9A3DE09-753A-4AF5-992F-53B5287466E8}.Release|x64.ActiveCfg = Release|x64
		{E9A3DE09-753A-4AF5-992F-53B5287466E8}.Release|x64.Build.0 = Release|x64
		{E9A3DE09-753A-4AF5-992F-53B5287466E8}.Release|x86.ActiveCfg = Release|Win32
		{E9A3DE09-753A-4AF5-992F-53B5287466E8}.Release|x86.Build.0 = Release|Win32
		{B42F735F-1736-4305-8633-78D14E6E23DB}.Debug|x64.ActiveCfg = Debug|x64
		{B42F735F-1736-4305-8633-78D14E6E23DB}.Debug|x64.Build.0 = Debug|x64
		{B42F735F-1736-4305-8633-78D14E6E23DB}.Debug|x86.ActiveCfg = Debug|Win32
		{B42F735F-1736-4305-8633-78D14E6E23DB}.Debug|x86.Build.0 = Debug|Win32
		{B42F735F-1736-4305-8633-78D14E6E23DB}.Release|x64.ActiveCfg = Release|x64
		{B42F735F-1736-4305-8633-78D14E6E23DB}.Release|x64.Build.0 = Release|x64
		{B42F735F-1736-4305-8633-78D14E6E23DB}.Release|x86.ActiveCfg = Release|Win32
		{B42F735F-1736-4305-8633-78D14E6E23DB}.Release|x86.Build.0 = Release|Win32
		{6A1B5741-18EF-4B8E-A9E5-6C2FF477357C}.Debug|x64.ActiveCfg = Debug|x64
		{6A1B5741-18EF-4B8E-A9E5-6C2FF477357C}.Debug|x64.Build.0 = Debug|x64
		{6A1B5741-18EF-4B8E-A9E5-6C2FF477357C}.Debug|x86.ActiveCfg = Debug|Win32
		{6A1B5741-18EF-4B8E-A9E5-6C2FF477357C}.Debug|x86.Build.0 = Debug|Win32
		{6A1B5741-18EF-4B8E-A9E5-6C2FF477357C}.Release|x64.ActiveCfg = Release|x64
		{6A1B5741-18EF-4B8E-A9E5-6C2FF477357C}.Release|x64.Build.0 = Release|x64
		{6A1B5741-18EF-4B8E-A9E5-6C2FF477357C}.Release|x86.ActiveCfg = Release|Win32
		{6A1B5741-18EF-4B8E-A9E5-6C2FF477357C}.Release|x86.Build.0 = Release|Win32
		{83B34427-688E-4F1C-BA9B-60A97F28E5F4}.Debug|x64.ActiveCfg = Debug|x64
		{83B34427-688E-4F1C-BA9B-60A97F28E5F4}.Debug|x64.Build.0 = Debug|x64
		{83B34427-688E-4F1C-BA9B-60A97F28E5F4}.Debug|x86.ActiveCfg = Debug|Win32
		{83B34427-688E-4F1C-BA9B-60A97F28E5F4}.Debug|x86.Build.0 = Debug|Win32
		{83B34427-688E-4F1C-BA9B-60A97F28E5F4}.Release|x64.ActiveCfg = Release|x64
		{83B34427-688E-4F1C-BA9B-60A97F28E5F4}.Release|x64.Build.0 = Release|x64
		{83B34427-688E-4F1C-BA9B-60A97F28E5F4}.Release|x86.ActiveCfg = Release|Win32
		{83B34427-688E-4F1C-BA9B-60A97F28E5F4}.Release|x86.Build.0 = Release|Win32
		{16036ED5-D58F-468C-A36E-F24B992CB8B3}.Debug|x64.ActiveCfg = Debug|x64
		{16036ED5-D58F-468C-A36E-F24B992CB8B3}.Debug|x64.Build.0 = Debug|x64
		{16036ED5-D58F-468C-A36E-F24B992CB8B3}.Debug|x86.ActiveCfg = Debug|Win32
		{16036ED5-D58F-468C-A36E-F24B992CB8B3}.Debug|x86.Build.0 = Debug|Win32
		{16036ED5-D58F-468C-A36E-F24B992CB8B3}.Release|x64.ActiveCfg = Release|x64
		{16036ED5-D58F-468C-A36E-F24B992CB8B3}.Release|x64.Build.0 = Release|x64
		{16036ED5-D58F-468C-A36E-F24B992CB8B3}.Release|x86.ActiveCfg = Release|Win32
		{16036ED5-D58F-468C-A36E-F24B992CB8B3}.Release|x86.Build.0 = Release|Win32
		{B7F76FB3-111C-4B7C-B189-DCE937468EDF}.Debug|x64.ActiveCfg = Debug|x64
		{B7F76FB3-111C-4B7C-B189-DCE937468EDF}.Debug|x64.Build.0 = Debug|x64
		{B7F76FB3-111C-4B7C-B189-DCE937468EDF}.Debug|x86.ActiveCfg = Debug|Win32
		{B7F76FB3-111C-4B7C-B189-DCE937468EDF}.Debug|x86.Build.0 = Debug|Win32
		{B7F76FB3-111C-4B7C-B189-DCE937468EDF}.Release|x64.ActiveCfg = Release|x64
		{B7F76FB3-111C-4B7C-B189-DCE937468EDF}.Release|x64.Build.0 = Release|x64
		{B7F76FB3-111C-4B7C-B189-DCE937468EDF}.Release|x86.ActiveCfg = Release|Win32
		{B7F76FB3-111C-4B7C-B189-DCE937468EDF}.Release|x86.Build.0 = Release|Win32
		{1A8F70E6-BEFE-4ACE-9C8A-BE1A505A82ED}.Debug|x64.ActiveCfg = Debug|x64
		{1A8F70E6-BEFE-4ACE-9C8A-BE1A505A82ED}.Debug|x64.Build.0 = Debug|x64
		{1A8F70E6-BEFE-4ACE-9C8A-BE1A505A82ED}.Debug|x86.ActiveCfg = Debug|Win32
		{1A8F70E6-BEFE-4ACE-9C8A-BE1A505A82ED}.Debug|x86.Build.0 = Debug|Win32
		{1A8F70E6-BEFE-4ACE-9C8A-BE1A505A82ED}.Release|x64.ActiveCfg = Release|x64
		{1A8F70E6-BEFE-4ACE-9C8A-BE1A505A82ED}.Release|x64.Build.0 = Release|x64
		{1A8F70E6-BEFE-4ACE-9C8A-BE1A505A82ED}.Release|x86.ActiveCfg = Release|Win32
		{1A8F70E6-BEFE-4ACE-9C8A-BE1A505A82ED}.Release|x86.Build.0 = Release|Win32
		{A492C26B-24F9-49E2-833C-AA212F5F4015}.Debug|x64.ActiveCfg = Debug|x64
		{A492C26B-24F9-49E2-833C-AA212F5F4015}.Debug|x64.Build.0 = Debug|x64
		{A492C26B-24F9-49E2-833C-AA212F5F4015}.Debug|x86.ActiveCfg = Debug|Win32
		{A492C26B-24F9-49E2-833C-AA212F5F4015}.Debug|x86.Build.0 = Debug|Win32
		{A492C26B-24F9-49E2-833C-AA212F5F4015}.Release|x64.ActiveCfg = Release|x64
		{A492C26B-24F9-49E2-833C-AA212F5F4015}.Release|x64.Build.0 = Release|x64
		{A492C26B-24F9-49E2-833C-AA212F5F4015}.Release|x86.ActiveCfg = Release|Win32
		{A492C26B-24F9-49E2-833C-AA212F5F4015}.Release|x86.Build.0 = Release|Win32
		{7861E4DA-1DA4-4306-9E96-0B38E82B4499}.Debug|x64.ActiveCfg = Debug|x64
		{7861E4DA-1DA4-4306-9E96-0B38E82B4499}.Debug|x64.Build.0 = Debug|x64
		{7861E4DA-1DA4-4306-9E96-0B38E82B4499}.Debug|x86.ActiveCfg = Debug|Win32
		{7861E4DA-1DA4-4306-9E96-0B38E82B4499}.Debug|x86.Build.0 = Debug|Win32
		{7861E4DA-1DA4-4306-9E96-0B38E82B4499}.Release|x64.ActiveCfg = Release|x64
		{7861E4DA-1DA4-4306-9E96-0B38E82B4499}.Release|x64.Build.0 = Release|x64
		{7861E4DA-1DA4-4306-9E96-0B38E82B4499}.Release|x86.ActiveCfg = Release|Win32
		{7861E4DA-1DA4-4306-9E96-0B38E82B4499}.Release|x86.Build.0 = Release|Win32
		{F9106156-08FD-4F70-B550-9C4A285D990B}.Debug|x64.ActiveCfg = Debug|x64
		{F9106156-08FD-4F70-B550-9C4A285D990B}.Debug|x64.Build.0 = Debug|x64
		{F9106156-08FD-4F70-B550-9C4A285D990B}.Debug|x86.ActiveCfg = Debug|Win32
		{F9106156-08FD-4F70-B550-9C4A285D990B}.Debug|x86.Build.0 = Debug|Win32
		{F9106156-08FD-4F70-B550-9C4A285D990B}.Release|x64.ActiveCfg = Release|x64
		{F9106156-08FD-4F70-B550-9C4A285D990B}.Release|x64.Build.0 = Release|x64
		{F9106156-08FD-4F70-B550-9C4A285D990B}.Release|x86.ActiveCfg = Release|Win32
		{F9106156-08FD-4F70-B550-9C4A285D990B}.Release|x86.Build.0 = Release|Win32
		{DF8E7822-99FA-4D13-AA3F-EB4E6E40D97A}.Debug|x64.ActiveCfg = Debug|x64
		{DF8E7822-99FA-4D13-AA3F-EB4E6E40D97A}.Debug|x64.Build.0 = Debug|x64
		{DF8E7822-99FA-4D13-AA3F-EB4E6E40D97A}.Debug|x86.ActiveCfg = Debug|Win32
		{DF8E7822-99FA-4D13-AA3F-EB4E6E40D97A}.Debug|x86.Build.0 = Debug|Win32
		{DF8E7822-99FA-4D13-AA3F-EB4E6E40D97A}.Release|x64.ActiveCfg = Release|x64
		{DF8E7822-99FA-4D13-AA3F-EB4E6E40D97A}.Release|x64.Build.0 = Release|x64
		{DF8E7822-99FA-4D13-AA3F-EB4E6E40D97A}.Release|x86.ActiveCfg = Release|Win32
		{DF8E7822-99FA-4D13-AA3F-EB4E6E40D97A}.Release|x86.Build.0 = Release|Win32
		{D8C91450-2798-4639-BDC0-E78BEB929EF9}.Debug|x64.ActiveCfg = Debug|x64
		{D8C91450-2798-4639-BDC0-E78BEB929EF9}.Debug|x64.Build.0 = Debug|x64
		{D8C91450-2798-4639-BDC0-E78BEB929EF9}.Debug|x86.ActiveCfg = Debug|Win32
		{D8C91450-2798-4639-BDC0-E78BEB929EF9}.Debug|x86.Build.0 = Debug|Win32
		{D8C91450-2798-4639-BDC0-E78BEB929EF9}.Release|x64.ActiveCfg = Release|x64
		{D8C91450-2798-4639-BDC0-E78BEB929EF9}.Release|x64.Build.0 = Release|x64
		{D8C91450-2798-4639-BDC0-E78BEB929EF9}.Release|x86.ActiveCfg = Release|Win32
		{D8C91450-2798-4639-BDC0-E78BEB929EF9}.Release|x86.Build.0 = Release|Win32
		{F50EDA43-B132-49DF-ABD2-8A788B486EED}.Debug|x64.ActiveCfg = Debug|x64
		{F50EDA43-B132-49DF-ABD2-8A788B486EED}.Debug|x64.Build.0 = Debug|x64
		{F50EDA43-B132-49DF-ABD2-8A788B486EED}.Debug|x86.ActiveCfg = Debug|Win32
		{F50EDA43-B132-49DF-ABD2-8A788B486EED}.Debug|x86.Build.0 = Debug|Win32
		{F50EDA43-B132-49DF-ABD2-8A788B486EED}.Release|x64.ActiveCfg = Release|x64
		{F50EDA43-B132-49DF-ABD2-8A788B486EED}.Release|x64.Build.0 = Release|x64
		{F50EDA43-B132-49DF-ABD2-8A788B486EED}.Release|x86.ActiveCfg = Release|Win32
		{F50EDA43-B132-49DF-ABD2-8A788B486EED}.Release|x86.Build.0 = Release|Win32
		{BE9B1848-F4AC-4177-A3C7-36D7B470F068}.Debug|x64.ActiveCfg = Debug|x64
		{BE9B1848-F4AC-4177-A3C7-36D7B470F068}.Debug|x64.Build.0 = Debug|x64
		{BE9B1848-F4AC-4177-A3C7-36D7B470F068}.Debug|x86.ActiveCfg = Debug|Win32
		{BE9B1848-F4AC-4177-A3C7-36D7B470F068}.Debug|x86.Build.0 = Debug|Win32
		{BE9B1848-F4AC-4177-A3C7-36D7B470F068}.Release|x64.ActiveCfg = Release|x64
		{BE9B1848-F4AC-4177-A3C7-36D7B470F068}.Release|x64.Build.0 = Release|x64
		{BE9B1848-F4AC-4177-A3C7-36D7B470F068}.Release|x86.ActiveCfg = Release|Win32
		{BE9B1848-F4AC-4177-A3C7-36D7B470F068}.Release|x86.Build.0 = Release|Win32
		{79990D32-8F3E-4299-A509-67A9CE458112}.Debug|x64.ActiveCfg = Debug|x64
		{79990D32-8F3E-4299-A509-67A9CE458112}.Debug|x64.Build.0 = Debug|x64
		{79990D32-8F3E-4299-A509-67A9CE458112}.Debug|x86.ActiveCfg = Debug|Win32
		{79990D32-8F3E-4299-A509-67A9CE458112}.Debug|x86.Build.0 = Debug|Win32
		{79990D32-8F3E-4299-A509-67A9CE458112}.Release|x64.ActiveCfg = Release|x64
		{79990D32-8F3E-4299-A509-67A9CE458112}.Release|x64.Build.0 = Release|x64
		{79990D32-8F3E-4299-A509-67A9CE458112}.Release|x86.ActiveCfg = Release|Win32
		{79990D32-8F3E-4299-A509-67A9CE458112}.Release|x86.Build.0 = Release|Win32
	EndGlobalSection
	GlobalSection(SolutionProperties) = preSolution
		HideSolutionNode = FALSE
	EndGlobalSection
	GlobalSection(NestedProjects) = preSolution
		{BE9B1848-F4AC-4177-A3C7-36D7B470F068} = {0E021F04-74EB-4E41-8879-39BAAAEFAD58}
		{79990D32-8F3E-4299-A509-67A9CE458112} = {C7C7146C-B9BD-4CD4-8369-DD7162A64F83}
	EndGlobalSection
	GlobalSection(ExtensibilityGlobals) = postSolution
		SolutionGuid = {A220EC1D-1F5B-4DBF-A99F-3596554AE3BA}
	EndGlobalSection
EndGlobal
