
Microsoft Visual Studio Solution File, Format Version 12.00
# Visual Studio Version 16
VisualStudioVersion = 16.0.29911.84
MinimumVisualStudioVersion = 10.0.40219.1
Project("{8BC9CEB8-8B4A-11D0-8D11-00A0C91BC942}") = "Q1", "Q1\Q1.vcxproj", "{57C96B21-BABF-4544-A930-2370B6FC5A11}"
EndProject
Project("{8BC9CEB8-8B4A-11D0-8D11-00A0C91BC942}") = "Q2", "Q2\Q2.vcxproj", "{35EBA0E6-16C1-4817-B785-3ADE087255A1}"
EndProject
Project("{8BC9CEB8-8B4A-11D0-8D11-00A0C91BC942}") = "ListPractice", "ListPractice\ListPractice.vcxproj", "{6EA4B2A7-34BA-483C-9CD1-A967745C8F61}"
EndProject
Project("{8BC9CEB8-8B4A-11D0-8D11-00A0C91BC942}") = "BOJ10807", "10807\10807.vcxproj", "{56061F4B-EE2F-4209-88C2-A97C8F89A82B}"
EndProject
Project("{8BC9CEB8-8B4A-11D0-8D11-00A0C91BC942}") = "BOJ11328", "11328\11328.vcxproj", "{92AC5C33-F8B0-4FA4-AB31-900887850E28}"
EndProject
Project("{8BC9CEB8-8B4A-11D0-8D11-00A0C91BC942}") = "Q2(withO(N))", "Q2(withO(N))\Q2(withO(N)).vcxproj", "{7BA311F2-6C02-462E-B4AD-664B74F4F9D9}"
EndProject
Project("{8BC9CEB8-8B4A-11D0-8D11-00A0C91BC942}") = "BOJ13300", "BOJ13300\BOJ13300.vcxproj", "{A58E11C3-1741-4290-BD38-C872CB4309B4}"
EndProject
Project("{8BC9CEB8-8B4A-11D0-8D11-00A0C91BC942}") = "BOJ1475", "BOJ1475\BOJ1475.vcxproj", "{28685CE1-2386-4912-8F5C-F31DBD6E5A90}"
EndProject
Project("{8BC9CEB8-8B4A-11D0-8D11-00A0C91BC942}") = "BOJ1919", "BOJ1919\BOJ1919.vcxproj", "{07BC26AD-C4ED-412E-A778-3B62D614E610}"
EndProject
Project("{8BC9CEB8-8B4A-11D0-8D11-00A0C91BC942}") = "BOJ3273", "BOJ3273\BOJ3273.vcxproj", "{E9A3DE09-753A-4AF5-992F-53B5287466E8}"
EndProject
Project("{8BC9CEB8-8B4A-11D0-8D11-00A0C91BC942}") = "simpleListPrac", "simpleListPrac\simpleListPrac.vcxproj", "{B42F735F-1736-4305-8633-78D14E6E23DB}"
EndProject
Project("{8BC9CEB8-8B4A-11D0-8D11-00A0C91BC942}") = "BOJ5397", "BOJ5397\BOJ5397.vcxproj", "{6A1B5741-18EF-4B8E-A9E5-6C2FF477357C}"
EndProject
Project("{8BC9CEB8-8B4A-11D0-8D11-00A0C91BC942}") = "Stack", "Stack\Stack.vcxproj", "{83B34427-688E-4F1C-BA9B-60A97F28E5F4}"
EndProject
Global
	GlobalSection(SolutionConfigurationPlatforms) = preSolution
		Debug|x64 = Debug|x64
		Debug|x86 = Debug|x86
		Release|x64 = Release|x64
		Release|x86 = Release|x86
	EndGlobalSection
	GlobalSection(ProjectConfigurationPlatforms) = postSolution
		{57C96B21-BABF-4544-A930-2370B6FC5A11}.Debug|x64.ActiveCfg = Debug|x64
		{57C96B21-BABF-4544-A930-2370B6FC5A11}.Debug|x64.Build.0 = Debug|x64
		{57C96B21-BABF-4544-A930-2370B6FC5A11}.Debug|x86.ActiveCfg = Debug|Win32
		{57C96B21-BABF-4544-A930-2370B6FC5A11}.Debug|x86.Build.0 = Debug|Win32
		{57C96B21-BABF-4544-A930-2370B6FC5A11}.Release|x64.ActiveCfg = Release|x64
		{57C96B21-BABF-4544-A930-2370B6FC5A11}.Release|x64.Build.0 = Release|x64
		{57C96B21-BABF-4544-A930-2370B6FC5A11}.Release|x86.ActiveCfg = Release|Win32
		{57C96B21-BABF-4544-A930-2370B6FC5A11}.Release|x86.Build.0 = Release|Win32
		{35EBA0E6-16C1-4817-B785-3ADE087255A1}.Debug|x64.ActiveCfg = Debug|x64
		{35EBA0E6-16C1-4817-B785-3ADE087255A1}.Debug|x64.Build.0 = Debug|x64
		{35EBA0E6-16C1-4817-B785-3ADE087255A1}.Debug|x86.ActiveCfg = Debug|Win32
		{35EBA0E6-16C1-4817-B785-3ADE087255A1}.Debug|x86.Build.0 = Debug|Win32
		{35EBA0E6-16C1-4817-B785-3ADE087255A1}.Release|x64.ActiveCfg = Release|x64
		{35EBA0E6-16C1-4817-B785-3ADE087255A1}.Release|x64.Build.0 = Release|x64
		{35EBA0E6-16C1-4817-B785-3ADE087255A1}.Release|x86.ActiveCfg = Release|Win32
		{35EBA0E6-16C1-4817-B785-3ADE087255A1}.Release|x86.Build.0 = Release|Win32
		{6EA4B2A7-34BA-483C-9CD1-A967745C8F61}.Debug|x64.ActiveCfg = Debug|x64
		{6EA4B2A7-34BA-483C-9CD1-A967745C8F61}.Debug|x64.Build.0 = Debug|x64
		{6EA4B2A7-34BA-483C-9CD1-A967745C8F61}.Debug|x86.ActiveCfg = Debug|Win32
		{6EA4B2A7-34BA-483C-9CD1-A967745C8F61}.Debug|x86.Build.0 = Debug|Win32
		{6EA4B2A7-34BA-483C-9CD1-A967745C8F61}.Release|x64.ActiveCfg = Release|x64
		{6EA4B2A7-34BA-483C-9CD1-A967745C8F61}.Release|x64.Build.0 = Release|x64
		{6EA4B2A7-34BA-483C-9CD1-A967745C8F61}.Release|x86.ActiveCfg = Release|Win32
		{6EA4B2A7-34BA-483C-9CD1-A967745C8F61}.Release|x86.Build.0 = Release|Win32
		{56061F4B-EE2F-4209-88C2-A97C8F89A82B}.Debug|x64.ActiveCfg = Debug|x64
		{56061F4B-EE2F-4209-88C2-A97C8F89A82B}.Debug|x64.Build.0 = Debug|x64
		{56061F4B-EE2F-4209-88C2-A97C8F89A82B}.Debug|x86.ActiveCfg = Debug|Win32
		{56061F4B-EE2F-4209-88C2-A97C8F89A82B}.Debug|x86.Build.0 = Debug|Win32
		{56061F4B-EE2F-4209-88C2-A97C8F89A82B}.Release|x64.ActiveCfg = Release|x64
		{56061F4B-EE2F-4209-88C2-A97C8F89A82B}.Release|x64.Build.0 = Release|x64
		{56061F4B-EE2F-4209-88C2-A97C8F89A82B}.Release|x86.ActiveCfg = Release|Win32
		{56061F4B-EE2F-4209-88C2-A97C8F89A82B}.Release|x86.Build.0 = Release|Win32
		{92AC5C33-F8B0-4FA4-AB31-900887850E28}.Debug|x64.ActiveCfg = Debug|x64
		{92AC5C33-F8B0-4FA4-AB31-900887850E28}.Debug|x64.Build.0 = Debug|x64
		{92AC5C33-F8B0-4FA4-AB31-900887850E28}.Debug|x86.ActiveCfg = Debug|Win32
		{92AC5C33-F8B0-4FA4-AB31-900887850E28}.Debug|x86.Build.0 = Debug|Win32
		{92AC5C33-F8B0-4FA4-AB31-900887850E28}.Release|x64.ActiveCfg = Release|x64
		{92AC5C33-F8B0-4FA4-AB31-900887850E28}.Release|x64.Build.0 = Release|x64
		{92AC5C33-F8B0-4FA4-AB31-900887850E28}.Release|x86.ActiveCfg = Release|Win32
		{92AC5C33-F8B0-4FA4-AB31-900887850E28}.Release|x86.Build.0 = Release|Win32
		{7BA311F2-6C02-462E-B4AD-664B74F4F9D9}.Debug|x64.ActiveCfg = Debug|x64
		{7BA311F2-6C02-462E-B4AD-664B74F4F9D9}.Debug|x64.Build.0 = Debug|x64
		{7BA311F2-6C02-462E-B4AD-664B74F4F9D9}.Debug|x86.ActiveCfg = Debug|Win32
		{7BA311F2-6C02-462E-B4AD-664B74F4F9D9}.Debug|x86.Build.0 = Debug|Win32
		{7BA311F2-6C02-462E-B4AD-664B74F4F9D9}.Release|x64.ActiveCfg = Release|x64
		{7BA311F2-6C02-462E-B4AD-664B74F4F9D9}.Release|x64.Build.0 = Release|x64
		{7BA311F2-6C02-462E-B4AD-664B74F4F9D9}.Release|x86.ActiveCfg = Release|Win32
		{7BA311F2-6C02-462E-B4AD-664B74F4F9D9}.Release|x86.Build.0 = Release|Win32
		{A58E11C3-1741-4290-BD38-C872CB4309B4}.Debug|x64.ActiveCfg = Debug|x64
		{A58E11C3-1741-4290-BD38-C872CB4309B4}.Debug|x64.Build.0 = Debug|x64
		{A58E11C3-1741-4290-BD38-C872CB4309B4}.Debug|x86.ActiveCfg = Debug|Win32
		{A58E11C3-1741-4290-BD38-C872CB4309B4}.Debug|x86.Build.0 = Debug|Win32
		{A58E11C3-1741-4290-BD38-C872CB4309B4}.Release|x64.ActiveCfg = Release|x64
		{A58E11C3-1741-4290-BD38-C872CB4309B4}.Release|x64.Build.0 = Release|x64
		{A58E11C3-1741-4290-BD38-C872CB4309B4}.Release|x86.ActiveCfg = Release|Win32
		{A58E11C3-1741-4290-BD38-C872CB4309B4}.Release|x86.Build.0 = Release|Win32
		{28685CE1-2386-4912-8F5C-F31DBD6E5A90}.Debug|x64.ActiveCfg = Debug|x64
		{28685CE1-2386-4912-8F5C-F31DBD6E5A90}.Debug|x64.Build.0 = Debug|x64
		{28685CE1-2386-4912-8F5C-F31DBD6E5A90}.Debug|x86.ActiveCfg = Debug|Win32
		{28685CE1-2386-4912-8F5C-F31DBD6E5A90}.Debug|x86.Build.0 = Debug|Win32
		{28685CE1-2386-4912-8F5C-F31DBD6E5A90}.Release|x64.ActiveCfg = Release|x64
		{28685CE1-2386-4912-8F5C-F31DBD6E5A90}.Release|x64.Build.0 = Release|x64
		{28685CE1-2386-4912-8F5C-F31DBD6E5A90}.Release|x86.ActiveCfg = Release|Win32
		{28685CE1-2386-4912-8F5C-F31DBD6E5A90}.Release|x86.Build.0 = Release|Win32
		{07BC26AD-C4ED-412E-A778-3B62D614E610}.Debug|x64.ActiveCfg = Debug|x64
		{07BC26AD-C4ED-412E-A778-3B62D614E610}.Debug|x64.Build.0 = Debug|x64
		{07BC26AD-C4ED-412E-A778-3B62D614E610}.Debug|x86.ActiveCfg = Debug|Win32
		{07BC26AD-C4ED-412E-A778-3B62D614E610}.Debug|x86.Build.0 = Debug|Win32
		{07BC26AD-C4ED-412E-A778-3B62D614E610}.Release|x64.ActiveCfg = Release|x64
		{07BC26AD-C4ED-412E-A778-3B62D614E610}.Release|x64.Build.0 = Release|x64
		{07BC26AD-C4ED-412E-A778-3B62D614E610}.Release|x86.ActiveCfg = Release|Win32
		{07BC26AD-C4ED-412E-A778-3B62D614E610}.Release|x86.Build.0 = Release|Win32
		{E9A3DE09-753A-4AF5-992F-53B5287466E8}.Debug|x64.ActiveCfg = Debug|x64
		{E9A3DE09-753A-4AF5-992F-53B5287466E8}.Debug|x64.Build.0 = Debug|x64
		{E9A3DE09-753A-4AF5-992F-53B5287466E8}.Debug|x86.ActiveCfg = Debug|Win32
		{E9A3DE09-753A-4AF5-992F-53B5287466E8}.Debug|x86.Build.0 = Debug|Win32
		{E9A3DE09-753A-4AF5-992F-53B5287466E8}.Release|x64.ActiveCfg = Release|x64
		{E9A3DE09-753A-4AF5-992F-53B5287466E8}.Release|x64.Build.0 = Release|x64
		{E9A3DE09-753A-4AF5-992F-53B5287466E8}.Release|x86.ActiveCfg = Release|Win32
		{E9A3DE09-753A-4AF5-992F-53B5287466E8}.Release|x86.Build.0 = Release|Win32
		{B42F735F-1736-4305-8633-78D14E6E23DB}.Debug|x64.ActiveCfg = Debug|x64
		{B42F735F-1736-4305-8633-78D14E6E23DB}.Debug|x64.Build.0 = Debug|x64
		{B42F735F-1736-4305-8633-78D14E6E23DB}.Debug|x86.ActiveCfg = Debug|Win32
		{B42F735F-1736-4305-8633-78D14E6E23DB}.Debug|x86.Build.0 = Debug|Win32
		{B42F735F-1736-4305-8633-78D14E6E23DB}.Release|x64.ActiveCfg = Release|x64
		{B42F735F-1736-4305-8633-78D14E6E23DB}.Release|x64.Build.0 = Release|x64
		{B42F735F-1736-4305-8633-78D14E6E23DB}.Release|x86.ActiveCfg = Release|Win32
		{B42F735F-1736-4305-8633-78D14E6E23DB}.Release|x86.Build.0 = Release|Win32
		{6A1B5741-18EF-4B8E-A9E5-6C2FF477357C}.Debug|x64.ActiveCfg = Debug|x64
		{6A1B5741-18EF-4B8E-A9E5-6C2FF477357C}.Debug|x64.Build.0 = Debug|x64
		{6A1B5741-18EF-4B8E-A9E5-6C2FF477357C}.Debug|x86.ActiveCfg = Debug|Win32
		{6A1B5741-18EF-4B8E-A9E5-6C2FF477357C}.Debug|x86.Build.0 = Debug|Win32
		{6A1B5741-18EF-4B8E-A9E5-6C2FF477357C}.Release|x64.ActiveCfg = Release|x64
		{6A1B5741-18EF-4B8E-A9E5-6C2FF477357C}.Release|x64.Build.0 = Release|x64
		{6A1B5741-18EF-4B8E-A9E5-6C2FF477357C}.Release|x86.ActiveCfg = Release|Win32
		{6A1B5741-18EF-4B8E-A9E5-6C2FF477357C}.Release|x86.Build.0 = Release|Win32
		{83B34427-688E-4F1C-BA9B-60A97F28E5F4}.Debug|x64.ActiveCfg = Debug|x64
		{83B34427-688E-4F1C-BA9B-60A97F28E5F4}.Debug|x64.Build.0 = Debug|x64
		{83B34427-688E-4F1C-BA9B-60A97F28E5F4}.Debug|x86.ActiveCfg = Debug|Win32
		{83B34427-688E-4F1C-BA9B-60A97F28E5F4}.Debug|x86.Build.0 = Debug|Win32
		{83B34427-688E-4F1C-BA9B-60A97F28E5F4}.Release|x64.ActiveCfg = Release|x64
		{83B34427-688E-4F1C-BA9B-60A97F28E5F4}.Release|x64.Build.0 = Release|x64
		{83B34427-688E-4F1C-BA9B-60A97F28E5F4}.Release|x86.ActiveCfg = Release|Win32
		{83B34427-688E-4F1C-BA9B-60A97F28E5F4}.Release|x86.Build.0 = Release|Win32
	EndGlobalSection
	GlobalSection(SolutionProperties) = preSolution
		HideSolutionNode = FALSE
	EndGlobalSection
	GlobalSection(ExtensibilityGlobals) = postSolution
		SolutionGuid = {A220EC1D-1F5B-4DBF-A99F-3596554AE3BA}
	EndGlobalSection
EndGlobal
