
Microsoft Visual Studio Solution File, Format Version 12.00
# Visual Studio Version 16
VisualStudioVersion = 16.0.29911.84
MinimumVisualStudioVersion = 10.0.40219.1
Project("{8BC9CEB8-8B4A-11D0-8D11-00A0C91BC942}") = "Q1", "Q1\Q1.vcxproj", "{57C96B21-BABF-4544-A930-2370B6FC5A11}"
EndProject
Project("{8BC9CEB8-8B4A-11D0-8D11-00A0C91BC942}") = "Q2", "Q2\Q2.vcxproj", "{35EBA0E6-16C1-4817-B785-3ADE087255A1}"
EndProject
Project("{8BC9CEB8-8B4A-11D0-8D11-00A0C91BC942}") = "ListPractice", "ListPractice\ListPractice.vcxproj", "{6EA4B2A7-34BA-483C-9CD1-A967745C8F61}"
EndProject
Project("{8BC9CEB8-8B4A-11D0-8D11-00A0C91BC942}") = "BOJ10807", "10807\10807.vcxproj", "{56061F4B-EE2F-4209-88C2-A97C8F89A82B}"
EndProject
Project("{8BC9CEB8-8B4A-11D0-8D11-00A0C91BC942}") = "BOJ11328", "11328\11328.vcxproj", "{92AC5C33-F8B0-4FA4-AB31-900887850E28}"
EndProject
Project("{8BC9CEB8-8B4A-11D0-8D11-00A0C91BC942}") = "Q2(withO(N))", "Q2(withO(N))\Q2(withO(N)).vcxproj", "{7BA311F2-6C02-462E-B4AD-664B74F4F9D9}"
EndProject
Project("{8BC9CEB8-8B4A-11D0-8D11-00A0C91BC942}") = "BOJ13300", "BOJ13300\BOJ13300.vcxproj", "{A58E11C3-1741-4290-BD38-C872CB4309B4}"
EndProject
Project("{8BC9CEB8-8B4A-11D0-8D11-00A0C91BC942}") = "BOJ1475", "BOJ1475\BOJ1475.vcxproj", "{28685CE1-2386-4912-8F5C-F31DBD6E5A90}"
EndProject
Project("{8BC9CEB8-8B4A-11D0-8D11-00A0C91BC942}") = "BOJ1919", "BOJ1919\BOJ1919.vcxproj", "{07BC26AD-C4ED-412E-A778-3B62D614E610}"
EndProject
Project("{8BC9CEB8-8B4A-11D0-8D11-00A0C91BC942}") = "BOJ3273", "BOJ3273\BOJ3273.vcxproj", "{E9A3DE09-753A-4AF5-992F-53B5287466E8}"
EndProject
Project("{8BC9CEB8-8B4A-11D0-8D11-00A0C91BC942}") = "simpleListPrac", "simpleListPrac\simpleListPrac.vcxproj", "{B42F735F-1736-4305-8633-78D14E6E23DB}"
EndProject
Project("{8BC9CEB8-8B4A-11D0-8D11-00A0C91BC942}") = "BOJ5397", "BOJ5397\BOJ5397.vcxproj", "{6A1B5741-18EF-4B8E-A9E5-6C2FF477357C}"
EndProject
Project("{8BC9CEB8-8B4A-11D0-8D11-00A0C91BC942}") = "Stack", "Stack\Stack.vcxproj", "{83B34427-688E-4F1C-BA9B-60A97F28E5F4}"
EndProject
Project("{8BC9CEB8-8B4A-11D0-8D11-00A0C91BC942}") = "BOJ10773", "BOJ10773\BOJ10773.vcxproj", "{16036ED5-D58F-468C-A36E-F24B992CB8B3}"
EndProject
Project("{8BC9CEB8-8B4A-11D0-8D11-00A0C91BC942}") = "BOJ2493", "BOJ2493\BOJ2493.vcxproj", "{B7F76FB3-111C-4B7C-B189-DCE937468EDF}"
EndProject
Project("{8BC9CEB8-8B4A-11D0-8D11-00A0C91BC942}") = "BOJ6198", "BOJ6198\BOJ6198.vcxproj", "{1A8F70E6-BEFE-4ACE-9C8A-BE1A505A82ED}"
EndProject
Project("{8BC9CEB8-8B4A-11D0-8D11-00A0C91BC942}") = "basicqueue", "basicqueue\basicqueue.vcxproj", "{A492C26B-24F9-49E2-833C-AA212F5F4015}"
EndProject
Project("{8BC9CEB8-8B4A-11D0-8D11-00A0C91BC942}") = "BOJ18258", "BOJ18258\BOJ18258.vcxproj", "{7861E4DA-1DA4-4306-9E96-0B38E82B4499}"
EndProject
Project("{8BC9CEB8-8B4A-11D0-8D11-00A0C91BC942}") = "DequePractice", "Project1\Project1.vcxproj", "{F9106156-08FD-4F70-B550-9C4A285D990B}"
EndProject
Project("{8BC9CEB8-8B4A-11D0-8D11-00A0C91BC942}") = "BOJ1021", "BOJ1021\BOJ1021.vcxproj", "{DF8E7822-99FA-4D13-AA3F-EB4E6E40D97A}"
EndProject
Project("{8BC9CEB8-8B4A-11D0-8D11-00A0C91BC942}") = "BOJ5430", "BOJ5430\BOJ5430.vcxproj", "{D8C91450-2798-4639-BDC0-E78BEB929EF9}"
EndProject
Project("{8BC9CEB8-8B4A-11D0-8D11-00A0C91BC942}") = "BOJ4949", "BOJ4949\BOJ4949.vcxproj", "{F50EDA43-B132-49DF-ABD2-8A788B486EED}"
EndProject
Project("{2150E333-8FDC-42A3-9474-1A3956D46DE8}") = "stackapplication", "stackapplication", "{0E021F04-74EB-4E41-8879-39BAAAEFAD58}"
EndProject
Project("{8BC9CEB8-8B4A-11D0-8D11-00A0C91BC942}") = "BOJ2504", "BOJ2504\BOJ2504.vcxproj", "{BE9B1848-F4AC-4177-A3C7-36D7B470F068}"
EndProject
Project("{2150E333-8FDC-42A3-9474-1A3956D46DE8}") = "BFS", "BFS", "{C7C7146C-B9BD-4CD4-8369-DD7162A64F83}"
EndProject
Project("{8BC9CEB8-8B4A-11D0-8D11-00A0C91BC942}") = "BFSPrac", "BFSPrac\BFSPrac.vcxproj", "{79990D32-8F3E-4299-A509-67A9CE458112}"
EndProject
Project("{8BC9CEB8-8B4A-11D0-8D11-00A0C91BC942}") = "BOJ1926", "BOJ1926\BOJ1926.vcxproj", "{0C1229C1-0ABA-468A-ABAB-F52E93048337}"
EndProject
Project("{8BC9CEB8-8B4A-11D0-8D11-00A0C91BC942}") = "BOJ1926(2)", "BOJ1926(2)\BOJ1926(2).vcxproj", "{02DC32FB-EADC-4D79-A8F3-9B37AF448F62}"
EndProject
Project("{8BC9CEB8-8B4A-11D0-8D11-00A0C91BC942}") = "BOJ2178", "BOJ2178\BOJ2178.vcxproj", "{CDDC916D-AD45-4105-B6A2-76142568249C}"
EndProject
Project("{8BC9CEB8-8B4A-11D0-8D11-00A0C91BC942}") = "BOJ7576", "BOJ7576\BOJ7576.vcxproj", "{01D3CB9F-632D-4052-B58A-173F6FBC298C}"
EndProject
Project("{8BC9CEB8-8B4A-11D0-8D11-00A0C91BC942}") = "BOJ4179", "BOJ4170\BOJ4170.vcxproj", "{5582EF95-5638-45BF-B40C-F3EB951CFC6F}"
EndProject
Project("{2150E333-8FDC-42A3-9474-1A3956D46DE8}") = "DFS", "DFS", "{C021A1BB-EF28-4F90-AC40-A51BB6817B11}"
EndProject
Project("{8BC9CEB8-8B4A-11D0-8D11-00A0C91BC942}") = "DFSPractice", "DFSPractice\DFSPractice.vcxproj", "{02168615-C19F-4FE0-A80B-A49F2490F5D7}"
EndProject
Project("{8BC9CEB8-8B4A-11D0-8D11-00A0C91BC942}") = "BOJ7576(2)", "BOJ7576(2)\BOJ7576(2).vcxproj", "{560BB1D1-094E-42AF-BADA-F6FC020558EF}"
EndProject
Project("{8BC9CEB8-8B4A-11D0-8D11-00A0C91BC942}") = "BOJ2178(2)", "BOJ2178(2)\BOJ2178(2).vcxproj", "{C5BFE981-94D2-4CF1-A1FD-A4C1B5883057}"
EndProject
Project("{8BC9CEB8-8B4A-11D0-8D11-00A0C91BC942}") = "BOJ1697", "BOJ1697\BOJ1697.vcxproj", "{532250C9-B9A5-4571-AAF3-4BA9D87141A0}"
EndProject
Project("{8BC9CEB8-8B4A-11D0-8D11-00A0C91BC942}") = "BOJ1012", "BOJ1012\BOJ1012.vcxproj", "{9043034E-DF1E-413D-BC00-CCA355E198E2}"
EndProject
Project("{8BC9CEB8-8B4A-11D0-8D11-00A0C91BC942}") = "BOJ7569", "BOJ7569\BOJ7569.vcxproj", "{66D7D9D4-75F1-4567-A7CF-5307DE1F4B96}"
EndProject
Project("{8BC9CEB8-8B4A-11D0-8D11-00A0C91BC942}") = "BOJ1966", "BOJ1966\BOJ1966.vcxproj", "{CF2B0E07-5ABA-43AC-98DF-8CDC4A545807}"
EndProject
Project("{8BC9CEB8-8B4A-11D0-8D11-00A0C91BC942}") = "BOJ10816", "BOJ10816\BOJ10816.vcxproj", "{50332CB3-5ADB-4687-96B3-4AD3A830D72D}"
EndProject
Project("{8BC9CEB8-8B4A-11D0-8D11-00A0C91BC942}") = "BOJ11050", "BOJ11050\BOJ11050.vcxproj", "{305F5581-BE01-40AE-A96E-854F176CBBF3}"
EndProject
Project("{8BC9CEB8-8B4A-11D0-8D11-00A0C91BC942}") = "BOJ2108", "BOJ2108\BOJ2108.vcxproj", "{C28408D3-BF03-4C57-A783-B781E8D92EBF}"
EndProject
Project("{8BC9CEB8-8B4A-11D0-8D11-00A0C91BC942}") = "BOJ2292", "BOJ2292\BOJ2292.vcxproj", "{80F0249C-4795-45AE-8CF6-942BDC7517BD}"
EndProject
Project("{8BC9CEB8-8B4A-11D0-8D11-00A0C91BC942}") = "BOJ2775", "BOJ2775\BOJ2775.vcxproj", "{9031F4D6-E686-42DF-9F3C-8874334FCC7A}"
EndProject
Project("{8BC9CEB8-8B4A-11D0-8D11-00A0C91BC942}") = "BOJ2805", "BOJ2805\BOJ2805.vcxproj", "{F17916CB-FC57-4FBC-A68C-3A94E8F39787}"
EndProject
Project("{8BC9CEB8-8B4A-11D0-8D11-00A0C91BC942}") = "BOJ2839", "BOJ2839\BOJ2839.vcxproj", "{E7F0493A-E5E7-48D1-8461-31A07067CB46}"
EndProject
Project("{8BC9CEB8-8B4A-11D0-8D11-00A0C91BC942}") = "BOJ2869", "BOJ2869\BOJ2869.vcxproj", "{22C299D5-FD30-4AC1-93D3-1767969D4D3C}"
EndProject
Project("{8BC9CEB8-8B4A-11D0-8D11-00A0C91BC942}") = "BOJ18111", "BOJ18111\BOJ18111.vcxproj", "{AA5C06F1-EB4C-4393-A34B-980EF9D9F679}"
EndProject
Project("{8BC9CEB8-8B4A-11D0-8D11-00A0C91BC942}") = "BOJ1074", "BOJ1074\BOJ1074.vcxproj", "{7985124B-C610-4B22-9F07-ABDDD9A7671C}"
EndProject
Project("{8BC9CEB8-8B4A-11D0-8D11-00A0C91BC942}") = "BOJ1260", "BOJ1260\BOJ1260.vcxproj", "{5641ADEC-9405-489C-97B3-6FDA55209049}"
EndProject
Project("{2150E333-8FDC-42A3-9474-1A3956D46DE8}") = "recursive", "recursive", "{7D6638DF-4F50-49D3-B705-D9C6F3AA60B0}"
EndProject
Project("{8BC9CEB8-8B4A-11D0-8D11-00A0C91BC942}") = "prac1", "prac1\prac1.vcxproj", "{051AD4E7-87CA-47BA-B70E-3C5F43F8DFA5}"
EndProject
Project("{8BC9CEB8-8B4A-11D0-8D11-00A0C91BC942}") = "BOJ1629", "BOJ1629\BOJ1629.vcxproj", "{58F76D49-767B-4EF1-B462-5DDB7988976B}"
EndProject
Project("{8BC9CEB8-8B4A-11D0-8D11-00A0C91BC942}") = "BOJ 11729", "BOJ 11729\BOJ 11729.vcxproj", "{767DC334-E689-491A-BB11-395D48A254D3}"
EndProject
Project("{8BC9CEB8-8B4A-11D0-8D11-00A0C91BC942}") = "BOJ1074(2)", "BOJ1074(2)\BOJ1074(2).vcxproj", "{C747D45C-9987-40DF-AC13-671227142540}"
EndProject
Project("{8BC9CEB8-8B4A-11D0-8D11-00A0C91BC942}") = "BOJ1629(2)", "BOJ1629(2)\BOJ1629(2).vcxproj", "{BB96C6E9-F893-4E4B-BF81-DBD7F862B0DA}"
EndProject
Project("{8BC9CEB8-8B4A-11D0-8D11-00A0C91BC942}") = "BOJ17478", "BOJ17478\BOJ17478.vcxproj", "{314A89A2-02BD-4947-85F8-1C2B09AFD2B5}"
EndProject
Project("{8BC9CEB8-8B4A-11D0-8D11-00A0C91BC942}") = "BOJ1992", "BOJ1992\BOJ1992.vcxproj", "{D3975680-8C3D-4CC2-945A-DD18E2C7AFCC}"
EndProject
Project("{8BC9CEB8-8B4A-11D0-8D11-00A0C91BC942}") = "BOJ14956", "BOJ14956\BOJ14956.vcxproj", "{1FCEDC16-B09A-4E89-8310-32B94D59D15B}"
EndProject
Project("{2150E333-8FDC-42A3-9474-1A3956D46DE8}") = "backtracking", "backtracking", "{75942E2C-B423-49C9-AF7F-645596AAF257}"
EndProject
Project("{8BC9CEB8-8B4A-11D0-8D11-00A0C91BC942}") = "BOJ15649", "BOJ16549\BOJ16549.vcxproj", "{D307FE99-AEA5-4598-8014-1F08F8C8F690}"
EndProject
Project("{8BC9CEB8-8B4A-11D0-8D11-00A0C91BC942}") = "BOJ15650", "BOJ15650\BOJ15650.vcxproj", "{B504A835-6411-43B0-BB1C-28164345E204}"
EndProject
Project("{8BC9CEB8-8B4A-11D0-8D11-00A0C91BC942}") = "BOJ15651", "BOJ15651\BOJ15651.vcxproj", "{10B44D6D-037E-44BD-A537-5C6BBE2E4E3F}"
EndProject
Project("{8BC9CEB8-8B4A-11D0-8D11-00A0C91BC942}") = "BOJ15652", "BOJ15652\BOJ15652.vcxproj", "{7270E692-CE71-470F-99FE-DC2F44033FEC}"
EndProject
Project("{8BC9CEB8-8B4A-11D0-8D11-00A0C91BC942}") = "BOJ15654", "BOJ15654\BOJ15654.vcxproj", "{46570726-FBB9-4FCA-A22D-5BABDEE3DE3F}"
EndProject
Project("{8BC9CEB8-8B4A-11D0-8D11-00A0C91BC942}") = "BOJ15655", "BOJ15655\BOJ15655.vcxproj", "{E9854477-A3E0-4C2E-B97F-970699990DF8}"
EndProject
Project("{8BC9CEB8-8B4A-11D0-8D11-00A0C91BC942}") = "BOJ15656", "BOJ15656\BOJ15656.vcxproj", "{B084EB89-C263-44DA-B54F-BC7CC568049A}"
EndProject
Project("{8BC9CEB8-8B4A-11D0-8D11-00A0C91BC942}") = "BOJ15657", "BOJ15657\BOJ15657.vcxproj", "{32388EC7-51A6-461D-8685-9C6678C9E01B}"
EndProject
Project("{8BC9CEB8-8B4A-11D0-8D11-00A0C91BC942}") = "BOJ15663", "BOJ15663\BOJ15663.vcxproj", "{878AC9DF-0468-4AE6-BC82-D75B5349C987}"
EndProject
Project("{8BC9CEB8-8B4A-11D0-8D11-00A0C91BC942}") = "BOJ15664", "BOJ15664\BOJ15664.vcxproj", "{738FBE94-4A12-4975-91E5-36F73158F47E}"
EndProject
Project("{8BC9CEB8-8B4A-11D0-8D11-00A0C91BC942}") = "BOJ15665", "BOJ15665\BOJ15665.vcxproj", "{AFAB94CE-86B3-4218-AAD9-E99FB3E70FAB}"
EndProject
Project("{8BC9CEB8-8B4A-11D0-8D11-00A0C91BC942}") = "BOJ15666", "BOJ15666\BOJ15666.vcxproj", "{F7FDDEED-A984-4AF6-BE0B-7AB2B8887D14}"
EndProject
Project("{8BC9CEB8-8B4A-11D0-8D11-00A0C91BC942}") = "BOJ9663", "Project2\Project2.vcxproj", "{609D58FE-C0D3-4AF4-B122-838AB5AAF644}"
EndProject
Project("{8BC9CEB8-8B4A-11D0-8D11-00A0C91BC942}") = "BOJ1182", "BOJ1182\BOJ1182.vcxproj", "{41B02AD2-F805-49E4-AD67-E94B1A1DDC2B}"
EndProject
Project("{8BC9CEB8-8B4A-11D0-8D11-00A0C91BC942}") = "BOJ6603", "BOJ6603\BOJ6603.vcxproj", "{4BB05DCB-70F6-4608-8288-52828C27DEE6}"
EndProject
Project("{8BC9CEB8-8B4A-11D0-8D11-00A0C91BC942}") = "BOJ1759", "BOJ1759\BOJ1759.vcxproj", "{473EBB6E-3335-43A5-BC31-7CAAD9678499}"
EndProject
Project("{2150E333-8FDC-42A3-9474-1A3956D46DE8}") = "simulation", "simulation", "{490D827B-F4B4-43FD-8F5F-927F381CD6CF}"
EndProject
Project("{8BC9CEB8-8B4A-11D0-8D11-00A0C91BC942}") = "BOJ15683", "BOJ15683\BOJ15683.vcxproj", "{161D9538-C330-4608-95A9-C80A719BF318}"
EndProject
Project("{2150E333-8FDC-42A3-9474-1A3956D46DE8}") = "Sort", "Sort", "{D3F0D165-3CCC-482A-9BE2-AE5461CBDC70}"
EndProject
Project("{8BC9CEB8-8B4A-11D0-8D11-00A0C91BC942}") = "standardSort", "standardSort\standardSort.vcxproj", "{AF594632-7DDB-46AF-A6D1-FAA237B04C54}"
EndProject
Project("{8BC9CEB8-8B4A-11D0-8D11-00A0C91BC942}") = "BubbleSort", "BubbleSort\BubbleSort.vcxproj", "{6C8E112A-23A8-467E-8E55-5C0723EB1A94}"
EndProject
Project("{8BC9CEB8-8B4A-11D0-8D11-00A0C91BC942}") = "BOJ11728", "BOJ11728\BOJ11728.vcxproj", "{A8DA4CB4-428D-47C0-8FF9-95B7533C9782}"
EndProject
Project("{8BC9CEB8-8B4A-11D0-8D11-00A0C91BC942}") = "MergeSort", "MergeSort\MergeSort.vcxproj", "{2CF5D2D1-0721-422C-8CBC-0BF347276019}"
EndProject
Project("{8BC9CEB8-8B4A-11D0-8D11-00A0C91BC942}") = "StableSort", "StableSort\StableSort.vcxproj", "{60CBC74A-7B6D-4D50-AF71-1EC79B916515}"
EndProject
Project("{8BC9CEB8-8B4A-11D0-8D11-00A0C91BC942}") = "QuickSort", "QuickSort\QuickSort.vcxproj", "{87B05679-6FBB-4C4A-93D8-4D760CDF4D5B}"
EndProject
Project("{2150E333-8FDC-42A3-9474-1A3956D46DE8}") = "Sort2", "Sort2", "{A9D134DD-C546-4666-A6EA-5E751C184A5D}"
EndProject
Project("{8BC9CEB8-8B4A-11D0-8D11-00A0C91BC942}") = "CountingSort", "CountingSort\CountingSort.vcxproj", "{F7AF556C-0556-44ED-AF9B-7062A00CCB70}"
EndProject
Project("{8BC9CEB8-8B4A-11D0-8D11-00A0C91BC942}") = "BOJ15688", "BOJ15688\BOJ15688.vcxproj", "{4031C931-8E89-47B1-83E5-6DE19506850B}"
EndProject
Project("{8BC9CEB8-8B4A-11D0-8D11-00A0C91BC942}") = "RadixSort", "RadixSort\RadixSort.vcxproj", "{E47ED512-5D03-45E6-9148-BFA9CE947A0B}"
EndProject
Project("{8BC9CEB8-8B4A-11D0-8D11-00A0C91BC942}") = "BOJ1431", "BOJ1431\BOJ1431.vcxproj", "{159CC4F5-7D78-4186-AEF6-49A650DFB200}"
EndProject
Global
	GlobalSection(SolutionConfigurationPlatforms) = preSolution
		Debug|x64 = Debug|x64
		Debug|x86 = Debug|x86
		Release|x64 = Release|x64
		Release|x86 = Release|x86
	EndGlobalSection
	GlobalSection(ProjectConfigurationPlatforms) = postSolution
		{57C96B21-BABF-4544-A930-2370B6FC5A11}.Debug|x64.ActiveCfg = Debug|x64
		{57C96B21-BABF-4544-A930-2370B6FC5A11}.Debug|x64.Build.0 = Debug|x64
		{57C96B21-BABF-4544-A930-2370B6FC5A11}.Debug|x86.ActiveCfg = Debug|Win32
		{57C96B21-BABF-4544-A930-2370B6FC5A11}.Debug|x86.Build.0 = Debug|Win32
		{57C96B21-BABF-4544-A930-2370B6FC5A11}.Release|x64.ActiveCfg = Release|x64
		{57C96B21-BABF-4544-A930-2370B6FC5A11}.Release|x64.Build.0 = Release|x64
		{57C96B21-BABF-4544-A930-2370B6FC5A11}.Release|x86.ActiveCfg = Release|Win32
		{57C96B21-BABF-4544-A930-2370B6FC5A11}.Release|x86.Build.0 = Release|Win32
		{35EBA0E6-16C1-4817-B785-3ADE087255A1}.Debug|x64.ActiveCfg = Debug|x64
		{35EBA0E6-16C1-4817-B785-3ADE087255A1}.Debug|x64.Build.0 = Debug|x64
		{35EBA0E6-16C1-4817-B785-3ADE087255A1}.Debug|x86.ActiveCfg = Debug|Win32
		{35EBA0E6-16C1-4817-B785-3ADE087255A1}.Debug|x86.Build.0 = Debug|Win32
		{35EBA0E6-16C1-4817-B785-3ADE087255A1}.Release|x64.ActiveCfg = Release|x64
		{35EBA0E6-16C1-4817-B785-3ADE087255A1}.Release|x64.Build.0 = Release|x64
		{35EBA0E6-16C1-4817-B785-3ADE087255A1}.Release|x86.ActiveCfg = Release|Win32
		{35EBA0E6-16C1-4817-B785-3ADE087255A1}.Release|x86.Build.0 = Release|Win32
		{6EA4B2A7-34BA-483C-9CD1-A967745C8F61}.Debug|x64.ActiveCfg = Debug|x64
		{6EA4B2A7-34BA-483C-9CD1-A967745C8F61}.Debug|x64.Build.0 = Debug|x64
		{6EA4B2A7-34BA-483C-9CD1-A967745C8F61}.Debug|x86.ActiveCfg = Debug|Win32
		{6EA4B2A7-34BA-483C-9CD1-A967745C8F61}.Debug|x86.Build.0 = Debug|Win32
		{6EA4B2A7-34BA-483C-9CD1-A967745C8F61}.Release|x64.ActiveCfg = Release|x64
		{6EA4B2A7-34BA-483C-9CD1-A967745C8F61}.Release|x64.Build.0 = Release|x64
		{6EA4B2A7-34BA-483C-9CD1-A967745C8F61}.Release|x86.ActiveCfg = Release|Win32
		{6EA4B2A7-34BA-483C-9CD1-A967745C8F61}.Release|x86.Build.0 = Release|Win32
		{56061F4B-EE2F-4209-88C2-A97C8F89A82B}.Debug|x64.ActiveCfg = Debug|x64
		{56061F4B-EE2F-4209-88C2-A97C8F89A82B}.Debug|x64.Build.0 = Debug|x64
		{56061F4B-EE2F-4209-88C2-A97C8F89A82B}.Debug|x86.ActiveCfg = Debug|Win32
		{56061F4B-EE2F-4209-88C2-A97C8F89A82B}.Debug|x86.Build.0 = Debug|Win32
		{56061F4B-EE2F-4209-88C2-A97C8F89A82B}.Release|x64.ActiveCfg = Release|x64
		{56061F4B-EE2F-4209-88C2-A97C8F89A82B}.Release|x64.Build.0 = Release|x64
		{56061F4B-EE2F-4209-88C2-A97C8F89A82B}.Release|x86.ActiveCfg = Release|Win32
		{56061F4B-EE2F-4209-88C2-A97C8F89A82B}.Release|x86.Build.0 = Release|Win32
		{92AC5C33-F8B0-4FA4-AB31-900887850E28}.Debug|x64.ActiveCfg = Debug|x64
		{92AC5C33-F8B0-4FA4-AB31-900887850E28}.Debug|x64.Build.0 = Debug|x64
		{92AC5C33-F8B0-4FA4-AB31-900887850E28}.Debug|x86.ActiveCfg = Debug|Win32
		{92AC5C33-F8B0-4FA4-AB31-900887850E28}.Debug|x86.Build.0 = Debug|Win32
		{92AC5C33-F8B0-4FA4-AB31-900887850E28}.Release|x64.ActiveCfg = Release|x64
		{92AC5C33-F8B0-4FA4-AB31-900887850E28}.Release|x64.Build.0 = Release|x64
		{92AC5C33-F8B0-4FA4-AB31-900887850E28}.Release|x86.ActiveCfg = Release|Win32
		{92AC5C33-F8B0-4FA4-AB31-900887850E28}.Release|x86.Build.0 = Release|Win32
		{7BA311F2-6C02-462E-B4AD-664B74F4F9D9}.Debug|x64.ActiveCfg = Debug|x64
		{7BA311F2-6C02-462E-B4AD-664B74F4F9D9}.Debug|x64.Build.0 = Debug|x64
		{7BA311F2-6C02-462E-B4AD-664B74F4F9D9}.Debug|x86.ActiveCfg = Debug|Win32
		{7BA311F2-6C02-462E-B4AD-664B74F4F9D9}.Debug|x86.Build.0 = Debug|Win32
		{7BA311F2-6C02-462E-B4AD-664B74F4F9D9}.Release|x64.ActiveCfg = Release|x64
		{7BA311F2-6C02-462E-B4AD-664B74F4F9D9}.Release|x64.Build.0 = Release|x64
		{7BA311F2-6C02-462E-B4AD-664B74F4F9D9}.Release|x86.ActiveCfg = Release|Win32
		{7BA311F2-6C02-462E-B4AD-664B74F4F9D9}.Release|x86.Build.0 = Release|Win32
		{A58E11C3-1741-4290-BD38-C872CB4309B4}.Debug|x64.ActiveCfg = Debug|x64
		{A58E11C3-1741-4290-BD38-C872CB4309B4}.Debug|x64.Build.0 = Debug|x64
		{A58E11C3-1741-4290-BD38-C872CB4309B4}.Debug|x86.ActiveCfg = Debug|Win32
		{A58E11C3-1741-4290-BD38-C872CB4309B4}.Debug|x86.Build.0 = Debug|Win32
		{A58E11C3-1741-4290-BD38-C872CB4309B4}.Release|x64.ActiveCfg = Release|x64
		{A58E11C3-1741-4290-BD38-C872CB4309B4}.Release|x64.Build.0 = Release|x64
		{A58E11C3-1741-4290-BD38-C872CB4309B4}.Release|x86.ActiveCfg = Release|Win32
		{A58E11C3-1741-4290-BD38-C872CB4309B4}.Release|x86.Build.0 = Release|Win32
		{28685CE1-2386-4912-8F5C-F31DBD6E5A90}.Debug|x64.ActiveCfg = Debug|x64
		{28685CE1-2386-4912-8F5C-F31DBD6E5A90}.Debug|x64.Build.0 = Debug|x64
		{28685CE1-2386-4912-8F5C-F31DBD6E5A90}.Debug|x86.ActiveCfg = Debug|Win32
		{28685CE1-2386-4912-8F5C-F31DBD6E5A90}.Debug|x86.Build.0 = Debug|Win32
		{28685CE1-2386-4912-8F5C-F31DBD6E5A90}.Release|x64.ActiveCfg = Release|x64
		{28685CE1-2386-4912-8F5C-F31DBD6E5A90}.Release|x64.Build.0 = Release|x64
		{28685CE1-2386-4912-8F5C-F31DBD6E5A90}.Release|x86.ActiveCfg = Release|Win32
		{28685CE1-2386-4912-8F5C-F31DBD6E5A90}.Release|x86.Build.0 = Release|Win32
		{07BC26AD-C4ED-412E-A778-3B62D614E610}.Debug|x64.ActiveCfg = Debug|x64
		{07BC26AD-C4ED-412E-A778-3B62D614E610}.Debug|x64.Build.0 = Debug|x64
		{07BC26AD-C4ED-412E-A778-3B62D614E610}.Debug|x86.ActiveCfg = Debug|Win32
		{07BC26AD-C4ED-412E-A778-3B62D614E610}.Debug|x86.Build.0 = Debug|Win32
		{07BC26AD-C4ED-412E-A778-3B62D614E610}.Release|x64.ActiveCfg = Release|x64
		{07BC26AD-C4ED-412E-A778-3B62D614E610}.Release|x64.Build.0 = Release|x64
		{07BC26AD-C4ED-412E-A778-3B62D614E610}.Release|x86.ActiveCfg = Release|Win32
		{07BC26AD-C4ED-412E-A778-3B62D614E610}.Release|x86.Build.0 = Release|Win32
		{E9A3DE09-753A-4AF5-992F-53B5287466E8}.Debug|x64.ActiveCfg = Debug|x64
		{E9A3DE09-753A-4AF5-992F-53B5287466E8}.Debug|x64.Build.0 = Debug|x64
		{E9A3DE09-753A-4AF5-992F-53B5287466E8}.Debug|x86.ActiveCfg = Debug|Win32
		{E9A3DE09-753A-4AF5-992F-53B5287466E8}.Debug|x86.Build.0 = Debug|Win32
		{E9A3DE09-753A-4AF5-992F-53B5287466E8}.Release|x64.ActiveCfg = Release|x64
		{E9A3DE09-753A-4AF5-992F-53B5287466E8}.Release|x64.Build.0 = Release|x64
		{E9A3DE09-753A-4AF5-992F-53B5287466E8}.Release|x86.ActiveCfg = Release|Win32
		{E9A3DE09-753A-4AF5-992F-53B5287466E8}.Release|x86.Build.0 = Release|Win32
		{B42F735F-1736-4305-8633-78D14E6E23DB}.Debug|x64.ActiveCfg = Debug|x64
		{B42F735F-1736-4305-8633-78D14E6E23DB}.Debug|x64.Build.0 = Debug|x64
		{B42F735F-1736-4305-8633-78D14E6E23DB}.Debug|x86.ActiveCfg = Debug|Win32
		{B42F735F-1736-4305-8633-78D14E6E23DB}.Debug|x86.Build.0 = Debug|Win32
		{B42F735F-1736-4305-8633-78D14E6E23DB}.Release|x64.ActiveCfg = Release|x64
		{B42F735F-1736-4305-8633-78D14E6E23DB}.Release|x64.Build.0 = Release|x64
		{B42F735F-1736-4305-8633-78D14E6E23DB}.Release|x86.ActiveCfg = Release|Win32
		{B42F735F-1736-4305-8633-78D14E6E23DB}.Release|x86.Build.0 = Release|Win32
		{6A1B5741-18EF-4B8E-A9E5-6C2FF477357C}.Debug|x64.ActiveCfg = Debug|x64
		{6A1B5741-18EF-4B8E-A9E5-6C2FF477357C}.Debug|x64.Build.0 = Debug|x64
		{6A1B5741-18EF-4B8E-A9E5-6C2FF477357C}.Debug|x86.ActiveCfg = Debug|Win32
		{6A1B5741-18EF-4B8E-A9E5-6C2FF477357C}.Debug|x86.Build.0 = Debug|Win32
		{6A1B5741-18EF-4B8E-A9E5-6C2FF477357C}.Release|x64.ActiveCfg = Release|x64
		{6A1B5741-18EF-4B8E-A9E5-6C2FF477357C}.Release|x64.Build.0 = Release|x64
		{6A1B5741-18EF-4B8E-A9E5-6C2FF477357C}.Release|x86.ActiveCfg = Release|Win32
		{6A1B5741-18EF-4B8E-A9E5-6C2FF477357C}.Release|x86.Build.0 = Release|Win32
		{83B34427-688E-4F1C-BA9B-60A97F28E5F4}.Debug|x64.ActiveCfg = Debug|x64
		{83B34427-688E-4F1C-BA9B-60A97F28E5F4}.Debug|x64.Build.0 = Debug|x64
		{83B34427-688E-4F1C-BA9B-60A97F28E5F4}.Debug|x86.ActiveCfg = Debug|Win32
		{83B34427-688E-4F1C-BA9B-60A97F28E5F4}.Debug|x86.Build.0 = Debug|Win32
		{83B34427-688E-4F1C-BA9B-60A97F28E5F4}.Release|x64.ActiveCfg = Release|x64
		{83B34427-688E-4F1C-BA9B-60A97F28E5F4}.Release|x64.Build.0 = Release|x64
		{83B34427-688E-4F1C-BA9B-60A97F28E5F4}.Release|x86.ActiveCfg = Release|Win32
		{83B34427-688E-4F1C-BA9B-60A97F28E5F4}.Release|x86.Build.0 = Release|Win32
		{16036ED5-D58F-468C-A36E-F24B992CB8B3}.Debug|x64.ActiveCfg = Debug|x64
		{16036ED5-D58F-468C-A36E-F24B992CB8B3}.Debug|x64.Build.0 = Debug|x64
		{16036ED5-D58F-468C-A36E-F24B992CB8B3}.Debug|x86.ActiveCfg = Debug|Win32
		{16036ED5-D58F-468C-A36E-F24B992CB8B3}.Debug|x86.Build.0 = Debug|Win32
		{16036ED5-D58F-468C-A36E-F24B992CB8B3}.Release|x64.ActiveCfg = Release|x64
		{16036ED5-D58F-468C-A36E-F24B992CB8B3}.Release|x64.Build.0 = Release|x64
		{16036ED5-D58F-468C-A36E-F24B992CB8B3}.Release|x86.ActiveCfg = Release|Win32
		{16036ED5-D58F-468C-A36E-F24B992CB8B3}.Release|x86.Build.0 = Release|Win32
		{B7F76FB3-111C-4B7C-B189-DCE937468EDF}.Debug|x64.ActiveCfg = Debug|x64
		{B7F76FB3-111C-4B7C-B189-DCE937468EDF}.Debug|x64.Build.0 = Debug|x64
		{B7F76FB3-111C-4B7C-B189-DCE937468EDF}.Debug|x86.ActiveCfg = Debug|Win32
		{B7F76FB3-111C-4B7C-B189-DCE937468EDF}.Debug|x86.Build.0 = Debug|Win32
		{B7F76FB3-111C-4B7C-B189-DCE937468EDF}.Release|x64.ActiveCfg = Release|x64
		{B7F76FB3-111C-4B7C-B189-DCE937468EDF}.Release|x64.Build.0 = Release|x64
		{B7F76FB3-111C-4B7C-B189-DCE937468EDF}.Release|x86.ActiveCfg = Release|Win32
		{B7F76FB3-111C-4B7C-B189-DCE937468EDF}.Release|x86.Build.0 = Release|Win32
		{1A8F70E6-BEFE-4ACE-9C8A-BE1A505A82ED}.Debug|x64.ActiveCfg = Debug|x64
		{1A8F70E6-BEFE-4ACE-9C8A-BE1A505A82ED}.Debug|x64.Build.0 = Debug|x64
		{1A8F70E6-BEFE-4ACE-9C8A-BE1A505A82ED}.Debug|x86.ActiveCfg = Debug|Win32
		{1A8F70E6-BEFE-4ACE-9C8A-BE1A505A82ED}.Debug|x86.Build.0 = Debug|Win32
		{1A8F70E6-BEFE-4ACE-9C8A-BE1A505A82ED}.Release|x64.ActiveCfg = Release|x64
		{1A8F70E6-BEFE-4ACE-9C8A-BE1A505A82ED}.Release|x64.Build.0 = Release|x64
		{1A8F70E6-BEFE-4ACE-9C8A-BE1A505A82ED}.Release|x86.ActiveCfg = Release|Win32
		{1A8F70E6-BEFE-4ACE-9C8A-BE1A505A82ED}.Release|x86.Build.0 = Release|Win32
		{A492C26B-24F9-49E2-833C-AA212F5F4015}.Debug|x64.ActiveCfg = Debug|x64
		{A492C26B-24F9-49E2-833C-AA212F5F4015}.Debug|x64.Build.0 = Debug|x64
		{A492C26B-24F9-49E2-833C-AA212F5F4015}.Debug|x86.ActiveCfg = Debug|Win32
		{A492C26B-24F9-49E2-833C-AA212F5F4015}.Debug|x86.Build.0 = Debug|Win32
		{A492C26B-24F9-49E2-833C-AA212F5F4015}.Release|x64.ActiveCfg = Release|x64
		{A492C26B-24F9-49E2-833C-AA212F5F4015}.Release|x64.Build.0 = Release|x64
		{A492C26B-24F9-49E2-833C-AA212F5F4015}.Release|x86.ActiveCfg = Release|Win32
		{A492C26B-24F9-49E2-833C-AA212F5F4015}.Release|x86.Build.0 = Release|Win32
		{7861E4DA-1DA4-4306-9E96-0B38E82B4499}.Debug|x64.ActiveCfg = Debug|x64
		{7861E4DA-1DA4-4306-9E96-0B38E82B4499}.Debug|x64.Build.0 = Debug|x64
		{7861E4DA-1DA4-4306-9E96-0B38E82B4499}.Debug|x86.ActiveCfg = Debug|Win32
		{7861E4DA-1DA4-4306-9E96-0B38E82B4499}.Debug|x86.Build.0 = Debug|Win32
		{7861E4DA-1DA4-4306-9E96-0B38E82B4499}.Release|x64.ActiveCfg = Release|x64
		{7861E4DA-1DA4-4306-9E96-0B38E82B4499}.Release|x64.Build.0 = Release|x64
		{7861E4DA-1DA4-4306-9E96-0B38E82B4499}.Release|x86.ActiveCfg = Release|Win32
		{7861E4DA-1DA4-4306-9E96-0B38E82B4499}.Release|x86.Build.0 = Release|Win32
		{F9106156-08FD-4F70-B550-9C4A285D990B}.Debug|x64.ActiveCfg = Debug|x64
		{F9106156-08FD-4F70-B550-9C4A285D990B}.Debug|x64.Build.0 = Debug|x64
		{F9106156-08FD-4F70-B550-9C4A285D990B}.Debug|x86.ActiveCfg = Debug|Win32
		{F9106156-08FD-4F70-B550-9C4A285D990B}.Debug|x86.Build.0 = Debug|Win32
		{F9106156-08FD-4F70-B550-9C4A285D990B}.Release|x64.ActiveCfg = Release|x64
		{F9106156-08FD-4F70-B550-9C4A285D990B}.Release|x64.Build.0 = Release|x64
		{F9106156-08FD-4F70-B550-9C4A285D990B}.Release|x86.ActiveCfg = Release|Win32
		{F9106156-08FD-4F70-B550-9C4A285D990B}.Release|x86.Build.0 = Release|Win32
		{DF8E7822-99FA-4D13-AA3F-EB4E6E40D97A}.Debug|x64.ActiveCfg = Debug|x64
		{DF8E7822-99FA-4D13-AA3F-EB4E6E40D97A}.Debug|x64.Build.0 = Debug|x64
		{DF8E7822-99FA-4D13-AA3F-EB4E6E40D97A}.Debug|x86.ActiveCfg = Debug|Win32
		{DF8E7822-99FA-4D13-AA3F-EB4E6E40D97A}.Debug|x86.Build.0 = Debug|Win32
		{DF8E7822-99FA-4D13-AA3F-EB4E6E40D97A}.Release|x64.ActiveCfg = Release|x64
		{DF8E7822-99FA-4D13-AA3F-EB4E6E40D97A}.Release|x64.Build.0 = Release|x64
		{DF8E7822-99FA-4D13-AA3F-EB4E6E40D97A}.Release|x86.ActiveCfg = Release|Win32
		{DF8E7822-99FA-4D13-AA3F-EB4E6E40D97A}.Release|x86.Build.0 = Release|Win32
		{D8C91450-2798-4639-BDC0-E78BEB929EF9}.Debug|x64.ActiveCfg = Debug|x64
		{D8C91450-2798-4639-BDC0-E78BEB929EF9}.Debug|x64.Build.0 = Debug|x64
		{D8C91450-2798-4639-BDC0-E78BEB929EF9}.Debug|x86.ActiveCfg = Debug|Win32
		{D8C91450-2798-4639-BDC0-E78BEB929EF9}.Debug|x86.Build.0 = Debug|Win32
		{D8C91450-2798-4639-BDC0-E78BEB929EF9}.Release|x64.ActiveCfg = Release|x64
		{D8C91450-2798-4639-BDC0-E78BEB929EF9}.Release|x64.Build.0 = Release|x64
		{D8C91450-2798-4639-BDC0-E78BEB929EF9}.Release|x86.ActiveCfg = Release|Win32
		{D8C91450-2798-4639-BDC0-E78BEB929EF9}.Release|x86.Build.0 = Release|Win32
		{F50EDA43-B132-49DF-ABD2-8A788B486EED}.Debug|x64.ActiveCfg = Debug|x64
		{F50EDA43-B132-49DF-ABD2-8A788B486EED}.Debug|x64.Build.0 = Debug|x64
		{F50EDA43-B132-49DF-ABD2-8A788B486EED}.Debug|x86.ActiveCfg = Debug|Win32
		{F50EDA43-B132-49DF-ABD2-8A788B486EED}.Debug|x86.Build.0 = Debug|Win32
		{F50EDA43-B132-49DF-ABD2-8A788B486EED}.Release|x64.ActiveCfg = Release|x64
		{F50EDA43-B132-49DF-ABD2-8A788B486EED}.Release|x64.Build.0 = Release|x64
		{F50EDA43-B132-49DF-ABD2-8A788B486EED}.Release|x86.ActiveCfg = Release|Win32
		{F50EDA43-B132-49DF-ABD2-8A788B486EED}.Release|x86.Build.0 = Release|Win32
		{BE9B1848-F4AC-4177-A3C7-36D7B470F068}.Debug|x64.ActiveCfg = Debug|x64
		{BE9B1848-F4AC-4177-A3C7-36D7B470F068}.Debug|x64.Build.0 = Debug|x64
		{BE9B1848-F4AC-4177-A3C7-36D7B470F068}.Debug|x86.ActiveCfg = Debug|Win32
		{BE9B1848-F4AC-4177-A3C7-36D7B470F068}.Debug|x86.Build.0 = Debug|Win32
		{BE9B1848-F4AC-4177-A3C7-36D7B470F068}.Release|x64.ActiveCfg = Release|x64
		{BE9B1848-F4AC-4177-A3C7-36D7B470F068}.Release|x64.Build.0 = Release|x64
		{BE9B1848-F4AC-4177-A3C7-36D7B470F068}.Release|x86.ActiveCfg = Release|Win32
		{BE9B1848-F4AC-4177-A3C7-36D7B470F068}.Release|x86.Build.0 = Release|Win32
		{79990D32-8F3E-4299-A509-67A9CE458112}.Debug|x64.ActiveCfg = Debug|x64
		{79990D32-8F3E-4299-A509-67A9CE458112}.Debug|x64.Build.0 = Debug|x64
		{79990D32-8F3E-4299-A509-67A9CE458112}.Debug|x86.ActiveCfg = Debug|Win32
		{79990D32-8F3E-4299-A509-67A9CE458112}.Debug|x86.Build.0 = Debug|Win32
		{79990D32-8F3E-4299-A509-67A9CE458112}.Release|x64.ActiveCfg = Release|x64
		{79990D32-8F3E-4299-A509-67A9CE458112}.Release|x64.Build.0 = Release|x64
		{79990D32-8F3E-4299-A509-67A9CE458112}.Release|x86.ActiveCfg = Release|Win32
		{79990D32-8F3E-4299-A509-67A9CE458112}.Release|x86.Build.0 = Release|Win32
		{0C1229C1-0ABA-468A-ABAB-F52E93048337}.Debug|x64.ActiveCfg = Debug|x64
		{0C1229C1-0ABA-468A-ABAB-F52E93048337}.Debug|x64.Build.0 = Debug|x64
		{0C1229C1-0ABA-468A-ABAB-F52E93048337}.Debug|x86.ActiveCfg = Debug|Win32
		{0C1229C1-0ABA-468A-ABAB-F52E93048337}.Debug|x86.Build.0 = Debug|Win32
		{0C1229C1-0ABA-468A-ABAB-F52E93048337}.Release|x64.ActiveCfg = Release|x64
		{0C1229C1-0ABA-468A-ABAB-F52E93048337}.Release|x64.Build.0 = Release|x64
		{0C1229C1-0ABA-468A-ABAB-F52E93048337}.Release|x86.ActiveCfg = Release|Win32
		{0C1229C1-0ABA-468A-ABAB-F52E93048337}.Release|x86.Build.0 = Release|Win32
		{02DC32FB-EADC-4D79-A8F3-9B37AF448F62}.Debug|x64.ActiveCfg = Debug|x64
		{02DC32FB-EADC-4D79-A8F3-9B37AF448F62}.Debug|x64.Build.0 = Debug|x64
		{02DC32FB-EADC-4D79-A8F3-9B37AF448F62}.Debug|x86.ActiveCfg = Debug|Win32
		{02DC32FB-EADC-4D79-A8F3-9B37AF448F62}.Debug|x86.Build.0 = Debug|Win32
		{02DC32FB-EADC-4D79-A8F3-9B37AF448F62}.Release|x64.ActiveCfg = Release|x64
		{02DC32FB-EADC-4D79-A8F3-9B37AF448F62}.Release|x64.Build.0 = Release|x64
		{02DC32FB-EADC-4D79-A8F3-9B37AF448F62}.Release|x86.ActiveCfg = Release|Win32
		{02DC32FB-EADC-4D79-A8F3-9B37AF448F62}.Release|x86.Build.0 = Release|Win32
		{CDDC916D-AD45-4105-B6A2-76142568249C}.Debug|x64.ActiveCfg = Debug|x64
		{CDDC916D-AD45-4105-B6A2-76142568249C}.Debug|x64.Build.0 = Debug|x64
		{CDDC916D-AD45-4105-B6A2-76142568249C}.Debug|x86.ActiveCfg = Debug|Win32
		{CDDC916D-AD45-4105-B6A2-76142568249C}.Debug|x86.Build.0 = Debug|Win32
		{CDDC916D-AD45-4105-B6A2-76142568249C}.Release|x64.ActiveCfg = Release|x64
		{CDDC916D-AD45-4105-B6A2-76142568249C}.Release|x64.Build.0 = Release|x64
		{CDDC916D-AD45-4105-B6A2-76142568249C}.Release|x86.ActiveCfg = Release|Win32
		{CDDC916D-AD45-4105-B6A2-76142568249C}.Release|x86.Build.0 = Release|Win32
		{01D3CB9F-632D-4052-B58A-173F6FBC298C}.Debug|x64.ActiveCfg = Debug|x64
		{01D3CB9F-632D-4052-B58A-173F6FBC298C}.Debug|x64.Build.0 = Debug|x64
		{01D3CB9F-632D-4052-B58A-173F6FBC298C}.Debug|x86.ActiveCfg = Debug|Win32
		{01D3CB9F-632D-4052-B58A-173F6FBC298C}.Debug|x86.Build.0 = Debug|Win32
		{01D3CB9F-632D-4052-B58A-173F6FBC298C}.Release|x64.ActiveCfg = Release|x64
		{01D3CB9F-632D-4052-B58A-173F6FBC298C}.Release|x64.Build.0 = Release|x64
		{01D3CB9F-632D-4052-B58A-173F6FBC298C}.Release|x86.ActiveCfg = Release|Win32
		{01D3CB9F-632D-4052-B58A-173F6FBC298C}.Release|x86.Build.0 = Release|Win32
		{5582EF95-5638-45BF-B40C-F3EB951CFC6F}.Debug|x64.ActiveCfg = Debug|x64
		{5582EF95-5638-45BF-B40C-F3EB951CFC6F}.Debug|x64.Build.0 = Debug|x64
		{5582EF95-5638-45BF-B40C-F3EB951CFC6F}.Debug|x86.ActiveCfg = Debug|Win32
		{5582EF95-5638-45BF-B40C-F3EB951CFC6F}.Debug|x86.Build.0 = Debug|Win32
		{5582EF95-5638-45BF-B40C-F3EB951CFC6F}.Release|x64.ActiveCfg = Release|x64
		{5582EF95-5638-45BF-B40C-F3EB951CFC6F}.Release|x64.Build.0 = Release|x64
		{5582EF95-5638-45BF-B40C-F3EB951CFC6F}.Release|x86.ActiveCfg = Release|Win32
		{5582EF95-5638-45BF-B40C-F3EB951CFC6F}.Release|x86.Build.0 = Release|Win32
		{02168615-C19F-4FE0-A80B-A49F2490F5D7}.Debug|x64.ActiveCfg = Debug|x64
		{02168615-C19F-4FE0-A80B-A49F2490F5D7}.Debug|x64.Build.0 = Debug|x64
		{02168615-C19F-4FE0-A80B-A49F2490F5D7}.Debug|x86.ActiveCfg = Debug|Win32
		{02168615-C19F-4FE0-A80B-A49F2490F5D7}.Debug|x86.Build.0 = Debug|Win32
		{02168615-C19F-4FE0-A80B-A49F2490F5D7}.Release|x64.ActiveCfg = Release|x64
		{02168615-C19F-4FE0-A80B-A49F2490F5D7}.Release|x64.Build.0 = Release|x64
		{02168615-C19F-4FE0-A80B-A49F2490F5D7}.Release|x86.ActiveCfg = Release|Win32
		{02168615-C19F-4FE0-A80B-A49F2490F5D7}.Release|x86.Build.0 = Release|Win32
		{560BB1D1-094E-42AF-BADA-F6FC020558EF}.Debug|x64.ActiveCfg = Debug|x64
		{560BB1D1-094E-42AF-BADA-F6FC020558EF}.Debug|x64.Build.0 = Debug|x64
		{560BB1D1-094E-42AF-BADA-F6FC020558EF}.Debug|x86.ActiveCfg = Debug|Win32
		{560BB1D1-094E-42AF-BADA-F6FC020558EF}.Debug|x86.Build.0 = Debug|Win32
		{560BB1D1-094E-42AF-BADA-F6FC020558EF}.Release|x64.ActiveCfg = Release|x64
		{560BB1D1-094E-42AF-BADA-F6FC020558EF}.Release|x64.Build.0 = Release|x64
		{560BB1D1-094E-42AF-BADA-F6FC020558EF}.Release|x86.ActiveCfg = Release|Win32
		{560BB1D1-094E-42AF-BADA-F6FC020558EF}.Release|x86.Build.0 = Release|Win32
		{C5BFE981-94D2-4CF1-A1FD-A4C1B5883057}.Debug|x64.ActiveCfg = Debug|x64
		{C5BFE981-94D2-4CF1-A1FD-A4C1B5883057}.Debug|x64.Build.0 = Debug|x64
		{C5BFE981-94D2-4CF1-A1FD-A4C1B5883057}.Debug|x86.ActiveCfg = Debug|Win32
		{C5BFE981-94D2-4CF1-A1FD-A4C1B5883057}.Debug|x86.Build.0 = Debug|Win32
		{C5BFE981-94D2-4CF1-A1FD-A4C1B5883057}.Release|x64.ActiveCfg = Release|x64
		{C5BFE981-94D2-4CF1-A1FD-A4C1B5883057}.Release|x64.Build.0 = Release|x64
		{C5BFE981-94D2-4CF1-A1FD-A4C1B5883057}.Release|x86.ActiveCfg = Release|Win32
		{C5BFE981-94D2-4CF1-A1FD-A4C1B5883057}.Release|x86.Build.0 = Release|Win32
		{532250C9-B9A5-4571-AAF3-4BA9D87141A0}.Debug|x64.ActiveCfg = Debug|x64
		{532250C9-B9A5-4571-AAF3-4BA9D87141A0}.Debug|x64.Build.0 = Debug|x64
		{532250C9-B9A5-4571-AAF3-4BA9D87141A0}.Debug|x86.ActiveCfg = Debug|Win32
		{532250C9-B9A5-4571-AAF3-4BA9D87141A0}.Debug|x86.Build.0 = Debug|Win32
		{532250C9-B9A5-4571-AAF3-4BA9D87141A0}.Release|x64.ActiveCfg = Release|x64
		{532250C9-B9A5-4571-AAF3-4BA9D87141A0}.Release|x64.Build.0 = Release|x64
		{532250C9-B9A5-4571-AAF3-4BA9D87141A0}.Release|x86.ActiveCfg = Release|Win32
		{532250C9-B9A5-4571-AAF3-4BA9D87141A0}.Release|x86.Build.0 = Release|Win32
		{9043034E-DF1E-413D-BC00-CCA355E198E2}.Debug|x64.ActiveCfg = Debug|x64
		{9043034E-DF1E-413D-BC00-CCA355E198E2}.Debug|x64.Build.0 = Debug|x64
		{9043034E-DF1E-413D-BC00-CCA355E198E2}.Debug|x86.ActiveCfg = Debug|Win32
		{9043034E-DF1E-413D-BC00-CCA355E198E2}.Debug|x86.Build.0 = Debug|Win32
		{9043034E-DF1E-413D-BC00-CCA355E198E2}.Release|x64.ActiveCfg = Release|x64
		{9043034E-DF1E-413D-BC00-CCA355E198E2}.Release|x64.Build.0 = Release|x64
		{9043034E-DF1E-413D-BC00-CCA355E198E2}.Release|x86.ActiveCfg = Release|Win32
		{9043034E-DF1E-413D-BC00-CCA355E198E2}.Release|x86.Build.0 = Release|Win32
		{66D7D9D4-75F1-4567-A7CF-5307DE1F4B96}.Debug|x64.ActiveCfg = Debug|x64
		{66D7D9D4-75F1-4567-A7CF-5307DE1F4B96}.Debug|x64.Build.0 = Debug|x64
		{66D7D9D4-75F1-4567-A7CF-5307DE1F4B96}.Debug|x86.ActiveCfg = Debug|Win32
		{66D7D9D4-75F1-4567-A7CF-5307DE1F4B96}.Debug|x86.Build.0 = Debug|Win32
		{66D7D9D4-75F1-4567-A7CF-5307DE1F4B96}.Release|x64.ActiveCfg = Release|x64
		{66D7D9D4-75F1-4567-A7CF-5307DE1F4B96}.Release|x64.Build.0 = Release|x64
		{66D7D9D4-75F1-4567-A7CF-5307DE1F4B96}.Release|x86.ActiveCfg = Release|Win32
		{66D7D9D4-75F1-4567-A7CF-5307DE1F4B96}.Release|x86.Build.0 = Release|Win32
		{CF2B0E07-5ABA-43AC-98DF-8CDC4A545807}.Debug|x64.ActiveCfg = Debug|x64
		{CF2B0E07-5ABA-43AC-98DF-8CDC4A545807}.Debug|x64.Build.0 = Debug|x64
		{CF2B0E07-5ABA-43AC-98DF-8CDC4A545807}.Debug|x86.ActiveCfg = Debug|Win32
		{CF2B0E07-5ABA-43AC-98DF-8CDC4A545807}.Debug|x86.Build.0 = Debug|Win32
		{CF2B0E07-5ABA-43AC-98DF-8CDC4A545807}.Release|x64.ActiveCfg = Release|x64
		{CF2B0E07-5ABA-43AC-98DF-8CDC4A545807}.Release|x64.Build.0 = Release|x64
		{CF2B0E07-5ABA-43AC-98DF-8CDC4A545807}.Release|x86.ActiveCfg = Release|Win32
		{CF2B0E07-5ABA-43AC-98DF-8CDC4A545807}.Release|x86.Build.0 = Release|Win32
		{50332CB3-5ADB-4687-96B3-4AD3A830D72D}.Debug|x64.ActiveCfg = Debug|x64
		{50332CB3-5ADB-4687-96B3-4AD3A830D72D}.Debug|x64.Build.0 = Debug|x64
		{50332CB3-5ADB-4687-96B3-4AD3A830D72D}.Debug|x86.ActiveCfg = Debug|Win32
		{50332CB3-5ADB-4687-96B3-4AD3A830D72D}.Debug|x86.Build.0 = Debug|Win32
		{50332CB3-5ADB-4687-96B3-4AD3A830D72D}.Release|x64.ActiveCfg = Release|x64
		{50332CB3-5ADB-4687-96B3-4AD3A830D72D}.Release|x64.Build.0 = Release|x64
		{50332CB3-5ADB-4687-96B3-4AD3A830D72D}.Release|x86.ActiveCfg = Release|Win32
		{50332CB3-5ADB-4687-96B3-4AD3A830D72D}.Release|x86.Build.0 = Release|Win32
		{305F5581-BE01-40AE-A96E-854F176CBBF3}.Debug|x64.ActiveCfg = Debug|x64
		{305F5581-BE01-40AE-A96E-854F176CBBF3}.Debug|x64.Build.0 = Debug|x64
		{305F5581-BE01-40AE-A96E-854F176CBBF3}.Debug|x86.ActiveCfg = Debug|Win32
		{305F5581-BE01-40AE-A96E-854F176CBBF3}.Debug|x86.Build.0 = Debug|Win32
		{305F5581-BE01-40AE-A96E-854F176CBBF3}.Release|x64.ActiveCfg = Release|x64
		{305F5581-BE01-40AE-A96E-854F176CBBF3}.Release|x64.Build.0 = Release|x64
		{305F5581-BE01-40AE-A96E-854F176CBBF3}.Release|x86.ActiveCfg = Release|Win32
		{305F5581-BE01-40AE-A96E-854F176CBBF3}.Release|x86.Build.0 = Release|Win32
		{C28408D3-BF03-4C57-A783-B781E8D92EBF}.Debug|x64.ActiveCfg = Debug|x64
		{C28408D3-BF03-4C57-A783-B781E8D92EBF}.Debug|x64.Build.0 = Debug|x64
		{C28408D3-BF03-4C57-A783-B781E8D92EBF}.Debug|x86.ActiveCfg = Debug|Win32
		{C28408D3-BF03-4C57-A783-B781E8D92EBF}.Debug|x86.Build.0 = Debug|Win32
		{C28408D3-BF03-4C57-A783-B781E8D92EBF}.Release|x64.ActiveCfg = Release|x64
		{C28408D3-BF03-4C57-A783-B781E8D92EBF}.Release|x64.Build.0 = Release|x64
		{C28408D3-BF03-4C57-A783-B781E8D92EBF}.Release|x86.ActiveCfg = Release|Win32
		{C28408D3-BF03-4C57-A783-B781E8D92EBF}.Release|x86.Build.0 = Release|Win32
		{80F0249C-4795-45AE-8CF6-942BDC7517BD}.Debug|x64.ActiveCfg = Debug|x64
		{80F0249C-4795-45AE-8CF6-942BDC7517BD}.Debug|x64.Build.0 = Debug|x64
		{80F0249C-4795-45AE-8CF6-942BDC7517BD}.Debug|x86.ActiveCfg = Debug|Win32
		{80F0249C-4795-45AE-8CF6-942BDC7517BD}.Debug|x86.Build.0 = Debug|Win32
		{80F0249C-4795-45AE-8CF6-942BDC7517BD}.Release|x64.ActiveCfg = Release|x64
		{80F0249C-4795-45AE-8CF6-942BDC7517BD}.Release|x64.Build.0 = Release|x64
		{80F0249C-4795-45AE-8CF6-942BDC7517BD}.Release|x86.ActiveCfg = Release|Win32
		{80F0249C-4795-45AE-8CF6-942BDC7517BD}.Release|x86.Build.0 = Release|Win32
		{9031F4D6-E686-42DF-9F3C-8874334FCC7A}.Debug|x64.ActiveCfg = Debug|x64
		{9031F4D6-E686-42DF-9F3C-8874334FCC7A}.Debug|x64.Build.0 = Debug|x64
		{9031F4D6-E686-42DF-9F3C-8874334FCC7A}.Debug|x86.ActiveCfg = Debug|Win32
		{9031F4D6-E686-42DF-9F3C-8874334FCC7A}.Debug|x86.Build.0 = Debug|Win32
		{9031F4D6-E686-42DF-9F3C-8874334FCC7A}.Release|x64.ActiveCfg = Release|x64
		{9031F4D6-E686-42DF-9F3C-8874334FCC7A}.Release|x64.Build.0 = Release|x64
		{9031F4D6-E686-42DF-9F3C-8874334FCC7A}.Release|x86.ActiveCfg = Release|Win32
		{9031F4D6-E686-42DF-9F3C-8874334FCC7A}.Release|x86.Build.0 = Release|Win32
		{F17916CB-FC57-4FBC-A68C-3A94E8F39787}.Debug|x64.ActiveCfg = Debug|x64
		{F17916CB-FC57-4FBC-A68C-3A94E8F39787}.Debug|x64.Build.0 = Debug|x64
		{F17916CB-FC57-4FBC-A68C-3A94E8F39787}.Debug|x86.ActiveCfg = Debug|Win32
		{F17916CB-FC57-4FBC-A68C-3A94E8F39787}.Debug|x86.Build.0 = Debug|Win32
		{F17916CB-FC57-4FBC-A68C-3A94E8F39787}.Release|x64.ActiveCfg = Release|x64
		{F17916CB-FC57-4FBC-A68C-3A94E8F39787}.Release|x64.Build.0 = Release|x64
		{F17916CB-FC57-4FBC-A68C-3A94E8F39787}.Release|x86.ActiveCfg = Release|Win32
		{F17916CB-FC57-4FBC-A68C-3A94E8F39787}.Release|x86.Build.0 = Release|Win32
		{E7F0493A-E5E7-48D1-8461-31A07067CB46}.Debug|x64.ActiveCfg = Debug|x64
		{E7F0493A-E5E7-48D1-8461-31A07067CB46}.Debug|x64.Build.0 = Debug|x64
		{E7F0493A-E5E7-48D1-8461-31A07067CB46}.Debug|x86.ActiveCfg = Debug|Win32
		{E7F0493A-E5E7-48D1-8461-31A07067CB46}.Debug|x86.Build.0 = Debug|Win32
		{E7F0493A-E5E7-48D1-8461-31A07067CB46}.Release|x64.ActiveCfg = Release|x64
		{E7F0493A-E5E7-48D1-8461-31A07067CB46}.Release|x64.Build.0 = Release|x64
		{E7F0493A-E5E7-48D1-8461-31A07067CB46}.Release|x86.ActiveCfg = Release|Win32
		{E7F0493A-E5E7-48D1-8461-31A07067CB46}.Release|x86.Build.0 = Release|Win32
		{22C299D5-FD30-4AC1-93D3-1767969D4D3C}.Debug|x64.ActiveCfg = Debug|x64
		{22C299D5-FD30-4AC1-93D3-1767969D4D3C}.Debug|x64.Build.0 = Debug|x64
		{22C299D5-FD30-4AC1-93D3-1767969D4D3C}.Debug|x86.ActiveCfg = Debug|Win32
		{22C299D5-FD30-4AC1-93D3-1767969D4D3C}.Debug|x86.Build.0 = Debug|Win32
		{22C299D5-FD30-4AC1-93D3-1767969D4D3C}.Release|x64.ActiveCfg = Release|x64
		{22C299D5-FD30-4AC1-93D3-1767969D4D3C}.Release|x64.Build.0 = Release|x64
		{22C299D5-FD30-4AC1-93D3-1767969D4D3C}.Release|x86.ActiveCfg = Release|Win32
		{22C299D5-FD30-4AC1-93D3-1767969D4D3C}.Release|x86.Build.0 = Release|Win32
		{AA5C06F1-EB4C-4393-A34B-980EF9D9F679}.Debug|x64.ActiveCfg = Debug|x64
		{AA5C06F1-EB4C-4393-A34B-980EF9D9F679}.Debug|x64.Build.0 = Debug|x64
		{AA5C06F1-EB4C-4393-A34B-980EF9D9F679}.Debug|x86.ActiveCfg = Debug|Win32
		{AA5C06F1-EB4C-4393-A34B-980EF9D9F679}.Debug|x86.Build.0 = Debug|Win32
		{AA5C06F1-EB4C-4393-A34B-980EF9D9F679}.Release|x64.ActiveCfg = Release|x64
		{AA5C06F1-EB4C-4393-A34B-980EF9D9F679}.Release|x64.Build.0 = Release|x64
		{AA5C06F1-EB4C-4393-A34B-980EF9D9F679}.Release|x86.ActiveCfg = Release|Win32
		{AA5C06F1-EB4C-4393-A34B-980EF9D9F679}.Release|x86.Build.0 = Release|Win32
		{7985124B-C610-4B22-9F07-ABDDD9A7671C}.Debug|x64.ActiveCfg = Debug|x64
		{7985124B-C610-4B22-9F07-ABDDD9A7671C}.Debug|x64.Build.0 = Debug|x64
		{7985124B-C610-4B22-9F07-ABDDD9A7671C}.Debug|x86.ActiveCfg = Debug|Win32
		{7985124B-C610-4B22-9F07-ABDDD9A7671C}.Debug|x86.Build.0 = Debug|Win32
		{7985124B-C610-4B22-9F07-ABDDD9A7671C}.Release|x64.ActiveCfg = Release|x64
		{7985124B-C610-4B22-9F07-ABDDD9A7671C}.Release|x64.Build.0 = Release|x64
		{7985124B-C610-4B22-9F07-ABDDD9A7671C}.Release|x86.ActiveCfg = Release|Win32
		{7985124B-C610-4B22-9F07-ABDDD9A7671C}.Release|x86.Build.0 = Release|Win32
		{5641ADEC-9405-489C-97B3-6FDA55209049}.Debug|x64.ActiveCfg = Debug|x64
		{5641ADEC-9405-489C-97B3-6FDA55209049}.Debug|x64.Build.0 = Debug|x64
		{5641ADEC-9405-489C-97B3-6FDA55209049}.Debug|x86.ActiveCfg = Debug|Win32
		{5641ADEC-9405-489C-97B3-6FDA55209049}.Debug|x86.Build.0 = Debug|Win32
		{5641ADEC-9405-489C-97B3-6FDA55209049}.Release|x64.ActiveCfg = Release|x64
		{5641ADEC-9405-489C-97B3-6FDA55209049}.Release|x64.Build.0 = Release|x64
		{5641ADEC-9405-489C-97B3-6FDA55209049}.Release|x86.ActiveCfg = Release|Win32
		{5641ADEC-9405-489C-97B3-6FDA55209049}.Release|x86.Build.0 = Release|Win32
		{051AD4E7-87CA-47BA-B70E-3C5F43F8DFA5}.Debug|x64.ActiveCfg = Debug|x64
		{051AD4E7-87CA-47BA-B70E-3C5F43F8DFA5}.Debug|x64.Build.0 = Debug|x64
		{051AD4E7-87CA-47BA-B70E-3C5F43F8DFA5}.Debug|x86.ActiveCfg = Debug|Win32
		{051AD4E7-87CA-47BA-B70E-3C5F43F8DFA5}.Debug|x86.Build.0 = Debug|Win32
		{051AD4E7-87CA-47BA-B70E-3C5F43F8DFA5}.Release|x64.ActiveCfg = Release|x64
		{051AD4E7-87CA-47BA-B70E-3C5F43F8DFA5}.Release|x64.Build.0 = Release|x64
		{051AD4E7-87CA-47BA-B70E-3C5F43F8DFA5}.Release|x86.ActiveCfg = Release|Win32
		{051AD4E7-87CA-47BA-B70E-3C5F43F8DFA5}.Release|x86.Build.0 = Release|Win32
		{58F76D49-767B-4EF1-B462-5DDB7988976B}.Debug|x64.ActiveCfg = Debug|x64
		{58F76D49-767B-4EF1-B462-5DDB7988976B}.Debug|x64.Build.0 = Debug|x64
		{58F76D49-767B-4EF1-B462-5DDB7988976B}.Debug|x86.ActiveCfg = Debug|Win32
		{58F76D49-767B-4EF1-B462-5DDB7988976B}.Debug|x86.Build.0 = Debug|Win32
		{58F76D49-767B-4EF1-B462-5DDB7988976B}.Release|x64.ActiveCfg = Release|x64
		{58F76D49-767B-4EF1-B462-5DDB7988976B}.Release|x64.Build.0 = Release|x64
		{58F76D49-767B-4EF1-B462-5DDB7988976B}.Release|x86.ActiveCfg = Release|Win32
		{58F76D49-767B-4EF1-B462-5DDB7988976B}.Release|x86.Build.0 = Release|Win32
		{767DC334-E689-491A-BB11-395D48A254D3}.Debug|x64.ActiveCfg = Debug|x64
		{767DC334-E689-491A-BB11-395D48A254D3}.Debug|x64.Build.0 = Debug|x64
		{767DC334-E689-491A-BB11-395D48A254D3}.Debug|x86.ActiveCfg = Debug|Win32
		{767DC334-E689-491A-BB11-395D48A254D3}.Debug|x86.Build.0 = Debug|Win32
		{767DC334-E689-491A-BB11-395D48A254D3}.Release|x64.ActiveCfg = Release|x64
		{767DC334-E689-491A-BB11-395D48A254D3}.Release|x64.Build.0 = Release|x64
		{767DC334-E689-491A-BB11-395D48A254D3}.Release|x86.ActiveCfg = Release|Win32
		{767DC334-E689-491A-BB11-395D48A254D3}.Release|x86.Build.0 = Release|Win32
		{C747D45C-9987-40DF-AC13-671227142540}.Debug|x64.ActiveCfg = Debug|x64
		{C747D45C-9987-40DF-AC13-671227142540}.Debug|x64.Build.0 = Debug|x64
		{C747D45C-9987-40DF-AC13-671227142540}.Debug|x86.ActiveCfg = Debug|Win32
		{C747D45C-9987-40DF-AC13-671227142540}.Debug|x86.Build.0 = Debug|Win32
		{C747D45C-9987-40DF-AC13-671227142540}.Release|x64.ActiveCfg = Release|x64
		{C747D45C-9987-40DF-AC13-671227142540}.Release|x64.Build.0 = Release|x64
		{C747D45C-9987-40DF-AC13-671227142540}.Release|x86.ActiveCfg = Release|Win32
		{C747D45C-9987-40DF-AC13-671227142540}.Release|x86.Build.0 = Release|Win32
		{BB96C6E9-F893-4E4B-BF81-DBD7F862B0DA}.Debug|x64.ActiveCfg = Debug|x64
		{BB96C6E9-F893-4E4B-BF81-DBD7F862B0DA}.Debug|x64.Build.0 = Debug|x64
		{BB96C6E9-F893-4E4B-BF81-DBD7F862B0DA}.Debug|x86.ActiveCfg = Debug|Win32
		{BB96C6E9-F893-4E4B-BF81-DBD7F862B0DA}.Debug|x86.Build.0 = Debug|Win32
		{BB96C6E9-F893-4E4B-BF81-DBD7F862B0DA}.Release|x64.ActiveCfg = Release|x64
		{BB96C6E9-F893-4E4B-BF81-DBD7F862B0DA}.Release|x64.Build.0 = Release|x64
		{BB96C6E9-F893-4E4B-BF81-DBD7F862B0DA}.Release|x86.ActiveCfg = Release|Win32
		{BB96C6E9-F893-4E4B-BF81-DBD7F862B0DA}.Release|x86.Build.0 = Release|Win32
		{314A89A2-02BD-4947-85F8-1C2B09AFD2B5}.Debug|x64.ActiveCfg = Debug|x64
		{314A89A2-02BD-4947-85F8-1C2B09AFD2B5}.Debug|x64.Build.0 = Debug|x64
		{314A89A2-02BD-4947-85F8-1C2B09AFD2B5}.Debug|x86.ActiveCfg = Debug|Win32
		{314A89A2-02BD-4947-85F8-1C2B09AFD2B5}.Debug|x86.Build.0 = Debug|Win32
		{314A89A2-02BD-4947-85F8-1C2B09AFD2B5}.Release|x64.ActiveCfg = Release|x64
		{314A89A2-02BD-4947-85F8-1C2B09AFD2B5}.Release|x64.Build.0 = Release|x64
		{314A89A2-02BD-4947-85F8-1C2B09AFD2B5}.Release|x86.ActiveCfg = Release|Win32
		{314A89A2-02BD-4947-85F8-1C2B09AFD2B5}.Release|x86.Build.0 = Release|Win32
		{D3975680-8C3D-4CC2-945A-DD18E2C7AFCC}.Debug|x64.ActiveCfg = Debug|x64
		{D3975680-8C3D-4CC2-945A-DD18E2C7AFCC}.Debug|x64.Build.0 = Debug|x64
		{D3975680-8C3D-4CC2-945A-DD18E2C7AFCC}.Debug|x86.ActiveCfg = Debug|Win32
		{D3975680-8C3D-4CC2-945A-DD18E2C7AFCC}.Debug|x86.Build.0 = Debug|Win32
		{D3975680-8C3D-4CC2-945A-DD18E2C7AFCC}.Release|x64.ActiveCfg = Release|x64
		{D3975680-8C3D-4CC2-945A-DD18E2C7AFCC}.Release|x64.Build.0 = Release|x64
		{D3975680-8C3D-4CC2-945A-DD18E2C7AFCC}.Release|x86.ActiveCfg = Release|Win32
		{D3975680-8C3D-4CC2-945A-DD18E2C7AFCC}.Release|x86.Build.0 = Release|Win32
		{1FCEDC16-B09A-4E89-8310-32B94D59D15B}.Debug|x64.ActiveCfg = Debug|x64
		{1FCEDC16-B09A-4E89-8310-32B94D59D15B}.Debug|x64.Build.0 = Debug|x64
		{1FCEDC16-B09A-4E89-8310-32B94D59D15B}.Debug|x86.ActiveCfg = Debug|Win32
		{1FCEDC16-B09A-4E89-8310-32B94D59D15B}.Debug|x86.Build.0 = Debug|Win32
		{1FCEDC16-B09A-4E89-8310-32B94D59D15B}.Release|x64.ActiveCfg = Release|x64
		{1FCEDC16-B09A-4E89-8310-32B94D59D15B}.Release|x64.Build.0 = Release|x64
		{1FCEDC16-B09A-4E89-8310-32B94D59D15B}.Release|x86.ActiveCfg = Release|Win32
		{1FCEDC16-B09A-4E89-8310-32B94D59D15B}.Release|x86.Build.0 = Release|Win32
		{D307FE99-AEA5-4598-8014-1F08F8C8F690}.Debug|x64.ActiveCfg = Debug|x64
		{D307FE99-AEA5-4598-8014-1F08F8C8F690}.Debug|x64.Build.0 = Debug|x64
		{D307FE99-AEA5-4598-8014-1F08F8C8F690}.Debug|x86.ActiveCfg = Debug|Win32
		{D307FE99-AEA5-4598-8014-1F08F8C8F690}.Debug|x86.Build.0 = Debug|Win32
		{D307FE99-AEA5-4598-8014-1F08F8C8F690}.Release|x64.ActiveCfg = Release|x64
		{D307FE99-AEA5-4598-8014-1F08F8C8F690}.Release|x64.Build.0 = Release|x64
		{D307FE99-AEA5-4598-8014-1F08F8C8F690}.Release|x86.ActiveCfg = Release|Win32
		{D307FE99-AEA5-4598-8014-1F08F8C8F690}.Release|x86.Build.0 = Release|Win32
		{B504A835-6411-43B0-BB1C-28164345E204}.Debug|x64.ActiveCfg = Debug|x64
		{B504A835-6411-43B0-BB1C-28164345E204}.Debug|x64.Build.0 = Debug|x64
		{B504A835-6411-43B0-BB1C-28164345E204}.Debug|x86.ActiveCfg = Debug|Win32
		{B504A835-6411-43B0-BB1C-28164345E204}.Debug|x86.Build.0 = Debug|Win32
		{B504A835-6411-43B0-BB1C-28164345E204}.Release|x64.ActiveCfg = Release|x64
		{B504A835-6411-43B0-BB1C-28164345E204}.Release|x64.Build.0 = Release|x64
		{B504A835-6411-43B0-BB1C-28164345E204}.Release|x86.ActiveCfg = Release|Win32
		{B504A835-6411-43B0-BB1C-28164345E204}.Release|x86.Build.0 = Release|Win32
		{10B44D6D-037E-44BD-A537-5C6BBE2E4E3F}.Debug|x64.ActiveCfg = Debug|x64
		{10B44D6D-037E-44BD-A537-5C6BBE2E4E3F}.Debug|x64.Build.0 = Debug|x64
		{10B44D6D-037E-44BD-A537-5C6BBE2E4E3F}.Debug|x86.ActiveCfg = Debug|Win32
		{10B44D6D-037E-44BD-A537-5C6BBE2E4E3F}.Debug|x86.Build.0 = Debug|Win32
		{10B44D6D-037E-44BD-A537-5C6BBE2E4E3F}.Release|x64.ActiveCfg = Release|x64
		{10B44D6D-037E-44BD-A537-5C6BBE2E4E3F}.Release|x64.Build.0 = Release|x64
		{10B44D6D-037E-44BD-A537-5C6BBE2E4E3F}.Release|x86.ActiveCfg = Release|Win32
		{10B44D6D-037E-44BD-A537-5C6BBE2E4E3F}.Release|x86.Build.0 = Release|Win32
		{7270E692-CE71-470F-99FE-DC2F44033FEC}.Debug|x64.ActiveCfg = Debug|x64
		{7270E692-CE71-470F-99FE-DC2F44033FEC}.Debug|x64.Build.0 = Debug|x64
		{7270E692-CE71-470F-99FE-DC2F44033FEC}.Debug|x86.ActiveCfg = Debug|Win32
		{7270E692-CE71-470F-99FE-DC2F44033FEC}.Debug|x86.Build.0 = Debug|Win32
		{7270E692-CE71-470F-99FE-DC2F44033FEC}.Release|x64.ActiveCfg = Release|x64
		{7270E692-CE71-470F-99FE-DC2F44033FEC}.Release|x64.Build.0 = Release|x64
		{7270E692-CE71-470F-99FE-DC2F44033FEC}.Release|x86.ActiveCfg = Release|Win32
		{7270E692-CE71-470F-99FE-DC2F44033FEC}.Release|x86.Build.0 = Release|Win32
		{46570726-FBB9-4FCA-A22D-5BABDEE3DE3F}.Debug|x64.ActiveCfg = Debug|x64
		{46570726-FBB9-4FCA-A22D-5BABDEE3DE3F}.Debug|x64.Build.0 = Debug|x64
		{46570726-FBB9-4FCA-A22D-5BABDEE3DE3F}.Debug|x86.ActiveCfg = Debug|Win32
		{46570726-FBB9-4FCA-A22D-5BABDEE3DE3F}.Debug|x86.Build.0 = Debug|Win32
		{46570726-FBB9-4FCA-A22D-5BABDEE3DE3F}.Release|x64.ActiveCfg = Release|x64
		{46570726-FBB9-4FCA-A22D-5BABDEE3DE3F}.Release|x64.Build.0 = Release|x64
		{46570726-FBB9-4FCA-A22D-5BABDEE3DE3F}.Release|x86.ActiveCfg = Release|Win32
		{46570726-FBB9-4FCA-A22D-5BABDEE3DE3F}.Release|x86.Build.0 = Release|Win32
		{E9854477-A3E0-4C2E-B97F-970699990DF8}.Debug|x64.ActiveCfg = Debug|x64
		{E9854477-A3E0-4C2E-B97F-970699990DF8}.Debug|x64.Build.0 = Debug|x64
		{E9854477-A3E0-4C2E-B97F-970699990DF8}.Debug|x86.ActiveCfg = Debug|Win32
		{E9854477-A3E0-4C2E-B97F-970699990DF8}.Debug|x86.Build.0 = Debug|Win32
		{E9854477-A3E0-4C2E-B97F-970699990DF8}.Release|x64.ActiveCfg = Release|x64
		{E9854477-A3E0-4C2E-B97F-970699990DF8}.Release|x64.Build.0 = Release|x64
		{E9854477-A3E0-4C2E-B97F-970699990DF8}.Release|x86.ActiveCfg = Release|Win32
		{E9854477-A3E0-4C2E-B97F-970699990DF8}.Release|x86.Build.0 = Release|Win32
		{B084EB89-C263-44DA-B54F-BC7CC568049A}.Debug|x64.ActiveCfg = Debug|x64
		{B084EB89-C263-44DA-B54F-BC7CC568049A}.Debug|x64.Build.0 = Debug|x64
		{B084EB89-C263-44DA-B54F-BC7CC568049A}.Debug|x86.ActiveCfg = Debug|Win32
		{B084EB89-C263-44DA-B54F-BC7CC568049A}.Debug|x86.Build.0 = Debug|Win32
		{B084EB89-C263-44DA-B54F-BC7CC568049A}.Release|x64.ActiveCfg = Release|x64
		{B084EB89-C263-44DA-B54F-BC7CC568049A}.Release|x64.Build.0 = Release|x64
		{B084EB89-C263-44DA-B54F-BC7CC568049A}.Release|x86.ActiveCfg = Release|Win32
		{B084EB89-C263-44DA-B54F-BC7CC568049A}.Release|x86.Build.0 = Release|Win32
		{32388EC7-51A6-461D-8685-9C6678C9E01B}.Debug|x64.ActiveCfg = Debug|x64
		{32388EC7-51A6-461D-8685-9C6678C9E01B}.Debug|x64.Build.0 = Debug|x64
		{32388EC7-51A6-461D-8685-9C6678C9E01B}.Debug|x86.ActiveCfg = Debug|Win32
		{32388EC7-51A6-461D-8685-9C6678C9E01B}.Debug|x86.Build.0 = Debug|Win32
		{32388EC7-51A6-461D-8685-9C6678C9E01B}.Release|x64.ActiveCfg = Release|x64
		{32388EC7-51A6-461D-8685-9C6678C9E01B}.Release|x64.Build.0 = Release|x64
		{32388EC7-51A6-461D-8685-9C6678C9E01B}.Release|x86.ActiveCfg = Release|Win32
		{32388EC7-51A6-461D-8685-9C6678C9E01B}.Release|x86.Build.0 = Release|Win32
		{878AC9DF-0468-4AE6-BC82-D75B5349C987}.Debug|x64.ActiveCfg = Debug|x64
		{878AC9DF-0468-4AE6-BC82-D75B5349C987}.Debug|x64.Build.0 = Debug|x64
		{878AC9DF-0468-4AE6-BC82-D75B5349C987}.Debug|x86.ActiveCfg = Debug|Win32
		{878AC9DF-0468-4AE6-BC82-D75B5349C987}.Debug|x86.Build.0 = Debug|Win32
		{878AC9DF-0468-4AE6-BC82-D75B5349C987}.Release|x64.ActiveCfg = Release|x64
		{878AC9DF-0468-4AE6-BC82-D75B5349C987}.Release|x64.Build.0 = Release|x64
		{878AC9DF-0468-4AE6-BC82-D75B5349C987}.Release|x86.ActiveCfg = Release|Win32
		{878AC9DF-0468-4AE6-BC82-D75B5349C987}.Release|x86.Build.0 = Release|Win32
		{738FBE94-4A12-4975-91E5-36F73158F47E}.Debug|x64.ActiveCfg = Debug|x64
		{738FBE94-4A12-4975-91E5-36F73158F47E}.Debug|x64.Build.0 = Debug|x64
		{738FBE94-4A12-4975-91E5-36F73158F47E}.Debug|x86.ActiveCfg = Debug|Win32
		{738FBE94-4A12-4975-91E5-36F73158F47E}.Debug|x86.Build.0 = Debug|Win32
		{738FBE94-4A12-4975-91E5-36F73158F47E}.Release|x64.ActiveCfg = Release|x64
		{738FBE94-4A12-4975-91E5-36F73158F47E}.Release|x64.Build.0 = Release|x64
		{738FBE94-4A12-4975-91E5-36F73158F47E}.Release|x86.ActiveCfg = Release|Win32
		{738FBE94-4A12-4975-91E5-36F73158F47E}.Release|x86.Build.0 = Release|Win32
		{AFAB94CE-86B3-4218-AAD9-E99FB3E70FAB}.Debug|x64.ActiveCfg = Debug|x64
		{AFAB94CE-86B3-4218-AAD9-E99FB3E70FAB}.Debug|x64.Build.0 = Debug|x64
		{AFAB94CE-86B3-4218-AAD9-E99FB3E70FAB}.Debug|x86.ActiveCfg = Debug|Win32
		{AFAB94CE-86B3-4218-AAD9-E99FB3E70FAB}.Debug|x86.Build.0 = Debug|Win32
		{AFAB94CE-86B3-4218-AAD9-E99FB3E70FAB}.Release|x64.ActiveCfg = Release|x64
		{AFAB94CE-86B3-4218-AAD9-E99FB3E70FAB}.Release|x64.Build.0 = Release|x64
		{AFAB94CE-86B3-4218-AAD9-E99FB3E70FAB}.Release|x86.ActiveCfg = Release|Win32
		{AFAB94CE-86B3-4218-AAD9-E99FB3E70FAB}.Release|x86.Build.0 = Release|Win32
		{F7FDDEED-A984-4AF6-BE0B-7AB2B8887D14}.Debug|x64.ActiveCfg = Debug|x64
		{F7FDDEED-A984-4AF6-BE0B-7AB2B8887D14}.Debug|x64.Build.0 = Debug|x64
		{F7FDDEED-A984-4AF6-BE0B-7AB2B8887D14}.Debug|x86.ActiveCfg = Debug|Win32
		{F7FDDEED-A984-4AF6-BE0B-7AB2B8887D14}.Debug|x86.Build.0 = Debug|Win32
		{F7FDDEED-A984-4AF6-BE0B-7AB2B8887D14}.Release|x64.ActiveCfg = Release|x64
		{F7FDDEED-A984-4AF6-BE0B-7AB2B8887D14}.Release|x64.Build.0 = Release|x64
		{F7FDDEED-A984-4AF6-BE0B-7AB2B8887D14}.Release|x86.ActiveCfg = Release|Win32
		{F7FDDEED-A984-4AF6-BE0B-7AB2B8887D14}.Release|x86.Build.0 = Release|Win32
		{609D58FE-C0D3-4AF4-B122-838AB5AAF644}.Debug|x64.ActiveCfg = Debug|x64
		{609D58FE-C0D3-4AF4-B122-838AB5AAF644}.Debug|x64.Build.0 = Debug|x64
		{609D58FE-C0D3-4AF4-B122-838AB5AAF644}.Debug|x86.ActiveCfg = Debug|Win32
		{609D58FE-C0D3-4AF4-B122-838AB5AAF644}.Debug|x86.Build.0 = Debug|Win32
		{609D58FE-C0D3-4AF4-B122-838AB5AAF644}.Release|x64.ActiveCfg = Release|x64
		{609D58FE-C0D3-4AF4-B122-838AB5AAF644}.Release|x64.Build.0 = Release|x64
		{609D58FE-C0D3-4AF4-B122-838AB5AAF644}.Release|x86.ActiveCfg = Release|Win32
		{609D58FE-C0D3-4AF4-B122-838AB5AAF644}.Release|x86.Build.0 = Release|Win32
		{41B02AD2-F805-49E4-AD67-E94B1A1DDC2B}.Debug|x64.ActiveCfg = Debug|x64
		{41B02AD2-F805-49E4-AD67-E94B1A1DDC2B}.Debug|x64.Build.0 = Debug|x64
		{41B02AD2-F805-49E4-AD67-E94B1A1DDC2B}.Debug|x86.ActiveCfg = Debug|Win32
		{41B02AD2-F805-49E4-AD67-E94B1A1DDC2B}.Debug|x86.Build.0 = Debug|Win32
		{41B02AD2-F805-49E4-AD67-E94B1A1DDC2B}.Release|x64.ActiveCfg = Release|x64
		{41B02AD2-F805-49E4-AD67-E94B1A1DDC2B}.Release|x64.Build.0 = Release|x64
		{41B02AD2-F805-49E4-AD67-E94B1A1DDC2B}.Release|x86.ActiveCfg = Release|Win32
		{41B02AD2-F805-49E4-AD67-E94B1A1DDC2B}.Release|x86.Build.0 = Release|Win32
		{4BB05DCB-70F6-4608-8288-52828C27DEE6}.Debug|x64.ActiveCfg = Debug|x64
		{4BB05DCB-70F6-4608-8288-52828C27DEE6}.Debug|x64.Build.0 = Debug|x64
		{4BB05DCB-70F6-4608-8288-52828C27DEE6}.Debug|x86.ActiveCfg = Debug|Win32
		{4BB05DCB-70F6-4608-8288-52828C27DEE6}.Debug|x86.Build.0 = Debug|Win32
		{4BB05DCB-70F6-4608-8288-52828C27DEE6}.Release|x64.ActiveCfg = Release|x64
		{4BB05DCB-70F6-4608-8288-52828C27DEE6}.Release|x64.Build.0 = Release|x64
		{4BB05DCB-70F6-4608-8288-52828C27DEE6}.Release|x86.ActiveCfg = Release|Win32
		{4BB05DCB-70F6-4608-8288-52828C27DEE6}.Release|x86.Build.0 = Release|Win32
		{473EBB6E-3335-43A5-BC31-7CAAD9678499}.Debug|x64.ActiveCfg = Debug|x64
		{473EBB6E-3335-43A5-BC31-7CAAD9678499}.Debug|x64.Build.0 = Debug|x64
		{473EBB6E-3335-43A5-BC31-7CAAD9678499}.Debug|x86.ActiveCfg = Debug|Win32
		{473EBB6E-3335-43A5-BC31-7CAAD9678499}.Debug|x86.Build.0 = Debug|Win32
		{473EBB6E-3335-43A5-BC31-7CAAD9678499}.Release|x64.ActiveCfg = Release|x64
		{473EBB6E-3335-43A5-BC31-7CAAD9678499}.Release|x64.Build.0 = Release|x64
		{473EBB6E-3335-43A5-BC31-7CAAD9678499}.Release|x86.ActiveCfg = Release|Win32
		{473EBB6E-3335-43A5-BC31-7CAAD9678499}.Release|x86.Build.0 = Release|Win32
		{161D9538-C330-4608-95A9-C80A719BF318}.Debug|x64.ActiveCfg = Debug|x64
		{161D9538-C330-4608-95A9-C80A719BF318}.Debug|x64.Build.0 = Debug|x64
		{161D9538-C330-4608-95A9-C80A719BF318}.Debug|x86.ActiveCfg = Debug|Win32
		{161D9538-C330-4608-95A9-C80A719BF318}.Debug|x86.Build.0 = Debug|Win32
		{161D9538-C330-4608-95A9-C80A719BF318}.Release|x64.ActiveCfg = Release|x64
		{161D9538-C330-4608-95A9-C80A719BF318}.Release|x64.Build.0 = Release|x64
		{161D9538-C330-4608-95A9-C80A719BF318}.Release|x86.ActiveCfg = Release|Win32
		{161D9538-C330-4608-95A9-C80A719BF318}.Release|x86.Build.0 = Release|Win32
		{AF594632-7DDB-46AF-A6D1-FAA237B04C54}.Debug|x64.ActiveCfg = Debug|x64
		{AF594632-7DDB-46AF-A6D1-FAA237B04C54}.Debug|x64.Build.0 = Debug|x64
		{AF594632-7DDB-46AF-A6D1-FAA237B04C54}.Debug|x86.ActiveCfg = Debug|Win32
		{AF594632-7DDB-46AF-A6D1-FAA237B04C54}.Debug|x86.Build.0 = Debug|Win32
		{AF594632-7DDB-46AF-A6D1-FAA237B04C54}.Release|x64.ActiveCfg = Release|x64
		{AF594632-7DDB-46AF-A6D1-FAA237B04C54}.Release|x64.Build.0 = Release|x64
		{AF594632-7DDB-46AF-A6D1-FAA237B04C54}.Release|x86.ActiveCfg = Release|Win32
		{AF594632-7DDB-46AF-A6D1-FAA237B04C54}.Release|x86.Build.0 = Release|Win32
		{6C8E112A-23A8-467E-8E55-5C0723EB1A94}.Debug|x64.ActiveCfg = Debug|x64
		{6C8E112A-23A8-467E-8E55-5C0723EB1A94}.Debug|x64.Build.0 = Debug|x64
		{6C8E112A-23A8-467E-8E55-5C0723EB1A94}.Debug|x86.ActiveCfg = Debug|Win32
		{6C8E112A-23A8-467E-8E55-5C0723EB1A94}.Debug|x86.Build.0 = Debug|Win32
		{6C8E112A-23A8-467E-8E55-5C0723EB1A94}.Release|x64.ActiveCfg = Release|x64
		{6C8E112A-23A8-467E-8E55-5C0723EB1A94}.Release|x64.Build.0 = Release|x64
		{6C8E112A-23A8-467E-8E55-5C0723EB1A94}.Release|x86.ActiveCfg = Release|Win32
		{6C8E112A-23A8-467E-8E55-5C0723EB1A94}.Release|x86.Build.0 = Release|Win32
		{A8DA4CB4-428D-47C0-8FF9-95B7533C9782}.Debug|x64.ActiveCfg = Debug|x64
		{A8DA4CB4-428D-47C0-8FF9-95B7533C9782}.Debug|x64.Build.0 = Debug|x64
		{A8DA4CB4-428D-47C0-8FF9-95B7533C9782}.Debug|x86.ActiveCfg = Debug|Win32
		{A8DA4CB4-428D-47C0-8FF9-95B7533C9782}.Debug|x86.Build.0 = Debug|Win32
		{A8DA4CB4-428D-47C0-8FF9-95B7533C9782}.Release|x64.ActiveCfg = Release|x64
		{A8DA4CB4-428D-47C0-8FF9-95B7533C9782}.Release|x64.Build.0 = Release|x64
		{A8DA4CB4-428D-47C0-8FF9-95B7533C9782}.Release|x86.ActiveCfg = Release|Win32
		{A8DA4CB4-428D-47C0-8FF9-95B7533C9782}.Release|x86.Build.0 = Release|Win32
		{2CF5D2D1-0721-422C-8CBC-0BF347276019}.Debug|x64.ActiveCfg = Debug|x64
		{2CF5D2D1-0721-422C-8CBC-0BF347276019}.Debug|x64.Build.0 = Debug|x64
		{2CF5D2D1-0721-422C-8CBC-0BF347276019}.Debug|x86.ActiveCfg = Debug|Win32
		{2CF5D2D1-0721-422C-8CBC-0BF347276019}.Debug|x86.Build.0 = Debug|Win32
		{2CF5D2D1-0721-422C-8CBC-0BF347276019}.Release|x64.ActiveCfg = Release|x64
		{2CF5D2D1-0721-422C-8CBC-0BF347276019}.Release|x64.Build.0 = Release|x64
		{2CF5D2D1-0721-422C-8CBC-0BF347276019}.Release|x86.ActiveCfg = Release|Win32
		{2CF5D2D1-0721-422C-8CBC-0BF347276019}.Release|x86.Build.0 = Release|Win32
		{60CBC74A-7B6D-4D50-AF71-1EC79B916515}.Debug|x64.ActiveCfg = Debug|x64
		{60CBC74A-7B6D-4D50-AF71-1EC79B916515}.Debug|x64.Build.0 = Debug|x64
		{60CBC74A-7B6D-4D50-AF71-1EC79B916515}.Debug|x86.ActiveCfg = Debug|Win32
		{60CBC74A-7B6D-4D50-AF71-1EC79B916515}.Debug|x86.Build.0 = Debug|Win32
		{60CBC74A-7B6D-4D50-AF71-1EC79B916515}.Release|x64.ActiveCfg = Release|x64
		{60CBC74A-7B6D-4D50-AF71-1EC79B916515}.Release|x64.Build.0 = Release|x64
		{60CBC74A-7B6D-4D50-AF71-1EC79B916515}.Release|x86.ActiveCfg = Release|Win32
		{60CBC74A-7B6D-4D50-AF71-1EC79B916515}.Release|x86.Build.0 = Release|Win32
		{87B05679-6FBB-4C4A-93D8-4D760CDF4D5B}.Debug|x64.ActiveCfg = Debug|x64
		{87B05679-6FBB-4C4A-93D8-4D760CDF4D5B}.Debug|x64.Build.0 = Debug|x64
		{87B05679-6FBB-4C4A-93D8-4D760CDF4D5B}.Debug|x86.ActiveCfg = Debug|Win32
		{87B05679-6FBB-4C4A-93D8-4D760CDF4D5B}.Debug|x86.Build.0 = Debug|Win32
		{87B05679-6FBB-4C4A-93D8-4D760CDF4D5B}.Release|x64.ActiveCfg = Release|x64
		{87B05679-6FBB-4C4A-93D8-4D760CDF4D5B}.Release|x64.Build.0 = Release|x64
		{87B05679-6FBB-4C4A-93D8-4D760CDF4D5B}.Release|x86.ActiveCfg = Release|Win32
		{87B05679-6FBB-4C4A-93D8-4D760CDF4D5B}.Release|x86.Build.0 = Release|Win32
		{F7AF556C-0556-44ED-AF9B-7062A00CCB70}.Debug|x64.ActiveCfg = Debug|x64
		{F7AF556C-0556-44ED-AF9B-7062A00CCB70}.Debug|x64.Build.0 = Debug|x64
		{F7AF556C-0556-44ED-AF9B-7062A00CCB70}.Debug|x86.ActiveCfg = Debug|Win32
		{F7AF556C-0556-44ED-AF9B-7062A00CCB70}.Debug|x86.Build.0 = Debug|Win32
		{F7AF556C-0556-44ED-AF9B-7062A00CCB70}.Release|x64.ActiveCfg = Release|x64
		{F7AF556C-0556-44ED-AF9B-7062A00CCB70}.Release|x64.Build.0 = Release|x64
		{F7AF556C-0556-44ED-AF9B-7062A00CCB70}.Release|x86.ActiveCfg = Release|Win32
		{F7AF556C-0556-44ED-AF9B-7062A00CCB70}.Release|x86.Build.0 = Release|Win32
		{4031C931-8E89-47B1-83E5-6DE19506850B}.Debug|x64.ActiveCfg = Debug|x64
		{4031C931-8E89-47B1-83E5-6DE19506850B}.Debug|x64.Build.0 = Debug|x64
		{4031C931-8E89-47B1-83E5-6DE19506850B}.Debug|x86.ActiveCfg = Debug|Win32
		{4031C931-8E89-47B1-83E5-6DE19506850B}.Debug|x86.Build.0 = Debug|Win32
		{4031C931-8E89-47B1-83E5-6DE19506850B}.Release|x64.ActiveCfg = Release|x64
		{4031C931-8E89-47B1-83E5-6DE19506850B}.Release|x64.Build.0 = Release|x64
		{4031C931-8E89-47B1-83E5-6DE19506850B}.Release|x86.ActiveCfg = Release|Win32
		{4031C931-8E89-47B1-83E5-6DE19506850B}.Release|x86.Build.0 = Release|Win32
		{E47ED512-5D03-45E6-9148-BFA9CE947A0B}.Debug|x64.ActiveCfg = Debug|x64
		{E47ED512-5D03-45E6-9148-BFA9CE947A0B}.Debug|x64.Build.0 = Debug|x64
		{E47ED512-5D03-45E6-9148-BFA9CE947A0B}.Debug|x86.ActiveCfg = Debug|Win32
		{E47ED512-5D03-45E6-9148-BFA9CE947A0B}.Debug|x86.Build.0 = Debug|Win32
		{E47ED512-5D03-45E6-9148-BFA9CE947A0B}.Release|x64.ActiveCfg = Release|x64
		{E47ED512-5D03-45E6-9148-BFA9CE947A0B}.Release|x64.Build.0 = Release|x64
		{E47ED512-5D03-45E6-9148-BFA9CE947A0B}.Release|x86.ActiveCfg = Release|Win32
		{E47ED512-5D03-45E6-9148-BFA9CE947A0B}.Release|x86.Build.0 = Release|Win32
		{159CC4F5-7D78-4186-AEF6-49A650DFB200}.Debug|x64.ActiveCfg = Debug|x64
		{159CC4F5-7D78-4186-AEF6-49A650DFB200}.Debug|x64.Build.0 = Debug|x64
		{159CC4F5-7D78-4186-AEF6-49A650DFB200}.Debug|x86.ActiveCfg = Debug|Win32
		{159CC4F5-7D78-4186-AEF6-49A650DFB200}.Debug|x86.Build.0 = Debug|Win32
		{159CC4F5-7D78-4186-AEF6-49A650DFB200}.Release|x64.ActiveCfg = Release|x64
		{159CC4F5-7D78-4186-AEF6-49A650DFB200}.Release|x64.Build.0 = Release|x64
		{159CC4F5-7D78-4186-AEF6-49A650DFB200}.Release|x86.ActiveCfg = Release|Win32
		{159CC4F5-7D78-4186-AEF6-49A650DFB200}.Release|x86.Build.0 = Release|Win32
	EndGlobalSection
	GlobalSection(SolutionProperties) = preSolution
		HideSolutionNode = FALSE
	EndGlobalSection
	GlobalSection(NestedProjects) = preSolution
		{BE9B1848-F4AC-4177-A3C7-36D7B470F068} = {0E021F04-74EB-4E41-8879-39BAAAEFAD58}
		{79990D32-8F3E-4299-A509-67A9CE458112} = {C7C7146C-B9BD-4CD4-8369-DD7162A64F83}
		{0C1229C1-0ABA-468A-ABAB-F52E93048337} = {C7C7146C-B9BD-4CD4-8369-DD7162A64F83}
		{02DC32FB-EADC-4D79-A8F3-9B37AF448F62} = {C7C7146C-B9BD-4CD4-8369-DD7162A64F83}
		{CDDC916D-AD45-4105-B6A2-76142568249C} = {C7C7146C-B9BD-4CD4-8369-DD7162A64F83}
		{01D3CB9F-632D-4052-B58A-173F6FBC298C} = {C7C7146C-B9BD-4CD4-8369-DD7162A64F83}
		{5582EF95-5638-45BF-B40C-F3EB951CFC6F} = {C7C7146C-B9BD-4CD4-8369-DD7162A64F83}
		{02168615-C19F-4FE0-A80B-A49F2490F5D7} = {C021A1BB-EF28-4F90-AC40-A51BB6817B11}
		{560BB1D1-094E-42AF-BADA-F6FC020558EF} = {C7C7146C-B9BD-4CD4-8369-DD7162A64F83}
		{C5BFE981-94D2-4CF1-A1FD-A4C1B5883057} = {C7C7146C-B9BD-4CD4-8369-DD7162A64F83}
		{532250C9-B9A5-4571-AAF3-4BA9D87141A0} = {C7C7146C-B9BD-4CD4-8369-DD7162A64F83}
		{9043034E-DF1E-413D-BC00-CCA355E198E2} = {C7C7146C-B9BD-4CD4-8369-DD7162A64F83}
		{66D7D9D4-75F1-4567-A7CF-5307DE1F4B96} = {C7C7146C-B9BD-4CD4-8369-DD7162A64F83}
		{CF2B0E07-5ABA-43AC-98DF-8CDC4A545807} = {C7C7146C-B9BD-4CD4-8369-DD7162A64F83}
		{50332CB3-5ADB-4687-96B3-4AD3A830D72D} = {C7C7146C-B9BD-4CD4-8369-DD7162A64F83}
		{051AD4E7-87CA-47BA-B70E-3C5F43F8DFA5} = {7D6638DF-4F50-49D3-B705-D9C6F3AA60B0}
		{58F76D49-767B-4EF1-B462-5DDB7988976B} = {7D6638DF-4F50-49D3-B705-D9C6F3AA60B0}
		{767DC334-E689-491A-BB11-395D48A254D3} = {7D6638DF-4F50-49D3-B705-D9C6F3AA60B0}
		{C747D45C-9987-40DF-AC13-671227142540} = {7D6638DF-4F50-49D3-B705-D9C6F3AA60B0}
		{BB96C6E9-F893-4E4B-BF81-DBD7F862B0DA} = {7D6638DF-4F50-49D3-B705-D9C6F3AA60B0}
		{314A89A2-02BD-4947-85F8-1C2B09AFD2B5} = {7D6638DF-4F50-49D3-B705-D9C6F3AA60B0}
		{D3975680-8C3D-4CC2-945A-DD18E2C7AFCC} = {7D6638DF-4F50-49D3-B705-D9C6F3AA60B0}
		{1FCEDC16-B09A-4E89-8310-32B94D59D15B} = {7D6638DF-4F50-49D3-B705-D9C6F3AA60B0}
		{D307FE99-AEA5-4598-8014-1F08F8C8F690} = {75942E2C-B423-49C9-AF7F-645596AAF257}
		{B504A835-6411-43B0-BB1C-28164345E204} = {75942E2C-B423-49C9-AF7F-645596AAF257}
		{10B44D6D-037E-44BD-A537-5C6BBE2E4E3F} = {75942E2C-B423-49C9-AF7F-645596AAF257}
		{7270E692-CE71-470F-99FE-DC2F44033FEC} = {75942E2C-B423-49C9-AF7F-645596AAF257}
		{46570726-FBB9-4FCA-A22D-5BABDEE3DE3F} = {75942E2C-B423-49C9-AF7F-645596AAF257}
		{E9854477-A3E0-4C2E-B97F-970699990DF8} = {75942E2C-B423-49C9-AF7F-645596AAF257}
		{B084EB89-C263-44DA-B54F-BC7CC568049A} = {75942E2C-B423-49C9-AF7F-645596AAF257}
		{32388EC7-51A6-461D-8685-9C6678C9E01B} = {75942E2C-B423-49C9-AF7F-645596AAF257}
		{878AC9DF-0468-4AE6-BC82-D75B5349C987} = {75942E2C-B423-49C9-AF7F-645596AAF257}
		{738FBE94-4A12-4975-91E5-36F73158F47E} = {75942E2C-B423-49C9-AF7F-645596AAF257}
		{AFAB94CE-86B3-4218-AAD9-E99FB3E70FAB} = {75942E2C-B423-49C9-AF7F-645596AAF257}
		{F7FDDEED-A984-4AF6-BE0B-7AB2B8887D14} = {75942E2C-B423-49C9-AF7F-645596AAF257}
		{609D58FE-C0D3-4AF4-B122-838AB5AAF644} = {75942E2C-B423-49C9-AF7F-645596AAF257}
		{41B02AD2-F805-49E4-AD67-E94B1A1DDC2B} = {75942E2C-B423-49C9-AF7F-645596AAF257}
		{4BB05DCB-70F6-4608-8288-52828C27DEE6} = {75942E2C-B423-49C9-AF7F-645596AAF257}
		{473EBB6E-3335-43A5-BC31-7CAAD9678499} = {75942E2C-B423-49C9-AF7F-645596AAF257}
		{161D9538-C330-4608-95A9-C80A719BF318} = {490D827B-F4B4-43FD-8F5F-927F381CD6CF}
		{AF594632-7DDB-46AF-A6D1-FAA237B04C54} = {D3F0D165-3CCC-482A-9BE2-AE5461CBDC70}
		{6C8E112A-23A8-467E-8E55-5C0723EB1A94} = {D3F0D165-3CCC-482A-9BE2-AE5461CBDC70}
		{A8DA4CB4-428D-47C0-8FF9-95B7533C9782} = {D3F0D165-3CCC-482A-9BE2-AE5461CBDC70}
		{2CF5D2D1-0721-422C-8CBC-0BF347276019} = {D3F0D165-3CCC-482A-9BE2-AE5461CBDC70}
		{60CBC74A-7B6D-4D50-AF71-1EC79B916515} = {D3F0D165-3CCC-482A-9BE2-AE5461CBDC70}
		{87B05679-6FBB-4C4A-93D8-4D760CDF4D5B} = {D3F0D165-3CCC-482A-9BE2-AE5461CBDC70}
		{F7AF556C-0556-44ED-AF9B-7062A00CCB70} = {A9D134DD-C546-4666-A6EA-5E751C184A5D}
		{4031C931-8E89-47B1-83E5-6DE19506850B} = {A9D134DD-C546-4666-A6EA-5E751C184A5D}
		{E47ED512-5D03-45E6-9148-BFA9CE947A0B} = {A9D134DD-C546-4666-A6EA-5E751C184A5D}
		{159CC4F5-7D78-4186-AEF6-49A650DFB200} = {A9D134DD-C546-4666-A6EA-5E751C184A5D}
	EndGlobalSection
	GlobalSection(ExtensibilityGlobals) = postSolution
		SolutionGuid = {A220EC1D-1F5B-4DBF-A99F-3596554AE3BA}
	EndGlobalSection
EndGlobal
