
Microsoft Visual Studio Solution File, Format Version 12.00
# Visual Studio Version 16
VisualStudioVersion = 16.0.29911.84
MinimumVisualStudioVersion = 10.0.40219.1
Project("{8BC9CEB8-8B4A-11D0-8D11-00A0C91BC942}") = "BOJ1662", "Recursive\Recursive.vcxproj", "{AAE078A4-95D1-43A4-BF2F-778A93A45894}"
EndProject
Project("{8BC9CEB8-8B4A-11D0-8D11-00A0C91BC942}") = "BOJ1074", "BOJ1074\BOJ1074.vcxproj", "{B0806CF2-25C7-4A95-838C-F738D4DB9278}"
EndProject
Project("{8BC9CEB8-8B4A-11D0-8D11-00A0C91BC942}") = "PICNIC", "PICNIC\PICNIC.vcxproj", "{B7B2890B-681F-4A43-830F-52D0C76E6340}"
EndProject
Project("{8BC9CEB8-8B4A-11D0-8D11-00A0C91BC942}") = "BOARDCOVER", "BOARDCOVER\BOARDCOVER.vcxproj", "{770BA943-2A64-4363-92D2-CAA96A5747CF}"
EndProject
Project("{8BC9CEB8-8B4A-11D0-8D11-00A0C91BC942}") = "TSP", "TSP\TSP.vcxproj", "{C370F14A-24F6-4064-AFC6-D52E271CC977}"
EndProject
Global
	GlobalSection(SolutionConfigurationPlatforms) = preSolution
		Debug|x64 = Debug|x64
		Debug|x86 = Debug|x86
		Release|x64 = Release|x64
		Release|x86 = Release|x86
	EndGlobalSection
	GlobalSection(ProjectConfigurationPlatforms) = postSolution
		{AAE078A4-95D1-43A4-BF2F-778A93A45894}.Debug|x64.ActiveCfg = Debug|x64
		{AAE078A4-95D1-43A4-BF2F-778A93A45894}.Debug|x64.Build.0 = Debug|x64
		{AAE078A4-95D1-43A4-BF2F-778A93A45894}.Debug|x86.ActiveCfg = Debug|Win32
		{AAE078A4-95D1-43A4-BF2F-778A93A45894}.Debug|x86.Build.0 = Debug|Win32
		{AAE078A4-95D1-43A4-BF2F-778A93A45894}.Release|x64.ActiveCfg = Release|x64
		{AAE078A4-95D1-43A4-BF2F-778A93A45894}.Release|x64.Build.0 = Release|x64
		{AAE078A4-95D1-43A4-BF2F-778A93A45894}.Release|x86.ActiveCfg = Release|Win32
		{AAE078A4-95D1-43A4-BF2F-778A93A45894}.Release|x86.Build.0 = Release|Win32
		{B0806CF2-25C7-4A95-838C-F738D4DB9278}.Debug|x64.ActiveCfg = Debug|x64
		{B0806CF2-25C7-4A95-838C-F738D4DB9278}.Debug|x64.Build.0 = Debug|x64
		{B0806CF2-25C7-4A95-838C-F738D4DB9278}.Debug|x86.ActiveCfg = Debug|Win32
		{B0806CF2-25C7-4A95-838C-F738D4DB9278}.Debug|x86.Build.0 = Debug|Win32
		{B0806CF2-25C7-4A95-838C-F738D4DB9278}.Release|x64.ActiveCfg = Release|x64
		{B0806CF2-25C7-4A95-838C-F738D4DB9278}.Release|x64.Build.0 = Release|x64
		{B0806CF2-25C7-4A95-838C-F738D4DB9278}.Release|x86.ActiveCfg = Release|Win32
		{B0806CF2-25C7-4A95-838C-F738D4DB9278}.Release|x86.Build.0 = Release|Win32
		{B7B2890B-681F-4A43-830F-52D0C76E6340}.Debug|x64.ActiveCfg = Debug|x64
		{B7B2890B-681F-4A43-830F-52D0C76E6340}.Debug|x64.Build.0 = Debug|x64
		{B7B2890B-681F-4A43-830F-52D0C76E6340}.Debug|x86.ActiveCfg = Debug|Win32
		{B7B2890B-681F-4A43-830F-52D0C76E6340}.Debug|x86.Build.0 = Debug|Win32
		{B7B2890B-681F-4A43-830F-52D0C76E6340}.Release|x64.ActiveCfg = Release|x64
		{B7B2890B-681F-4A43-830F-52D0C76E6340}.Release|x64.Build.0 = Release|x64
		{B7B2890B-681F-4A43-830F-52D0C76E6340}.Release|x86.ActiveCfg = Release|Win32
		{B7B2890B-681F-4A43-830F-52D0C76E6340}.Release|x86.Build.0 = Release|Win32
		{770BA943-2A64-4363-92D2-CAA96A5747CF}.Debug|x64.ActiveCfg = Debug|x64
		{770BA943-2A64-4363-92D2-CAA96A5747CF}.Debug|x64.Build.0 = Debug|x64
		{770BA943-2A64-4363-92D2-CAA96A5747CF}.Debug|x86.ActiveCfg = Debug|Win32
		{770BA943-2A64-4363-92D2-CAA96A5747CF}.Debug|x86.Build.0 = Debug|Win32
		{770BA943-2A64-4363-92D2-CAA96A5747CF}.Release|x64.ActiveCfg = Release|x64
		{770BA943-2A64-4363-92D2-CAA96A5747CF}.Release|x64.Build.0 = Release|x64
		{770BA943-2A64-4363-92D2-CAA96A5747CF}.Release|x86.ActiveCfg = Release|Win32
		{770BA943-2A64-4363-92D2-CAA96A5747CF}.Release|x86.Build.0 = Release|Win32
		{C370F14A-24F6-4064-AFC6-D52E271CC977}.Debug|x64.ActiveCfg = Debug|x64
		{C370F14A-24F6-4064-AFC6-D52E271CC977}.Debug|x64.Build.0 = Debug|x64
		{C370F14A-24F6-4064-AFC6-D52E271CC977}.Debug|x86.ActiveCfg = Debug|Win32
		{C370F14A-24F6-4064-AFC6-D52E271CC977}.Debug|x86.Build.0 = Debug|Win32
		{C370F14A-24F6-4064-AFC6-D52E271CC977}.Release|x64.ActiveCfg = Release|x64
		{C370F14A-24F6-4064-AFC6-D52E271CC977}.Release|x64.Build.0 = Release|x64
		{C370F14A-24F6-4064-AFC6-D52E271CC977}.Release|x86.ActiveCfg = Release|Win32
		{C370F14A-24F6-4064-AFC6-D52E271CC977}.Release|x86.Build.0 = Release|Win32
	EndGlobalSection
	GlobalSection(SolutionProperties) = preSolution
		HideSolutionNode = FALSE
	EndGlobalSection
	GlobalSection(ExtensibilityGlobals) = postSolution
		SolutionGuid = {B4F982FB-914A-454F-A5EE-458EB8ABC177}
	EndGlobalSection
EndGlobal
